// !$*UTF8*$!
{
	archiveVersion = 1;
	classes = {
	};
	objectVersion = 46;
	objects = {

/* Begin PBXBuildFile section */
		18391068E48EF96E3DB5FDAB /* ResizeScope.mm in Sources */ = {isa = PBXBuildFile; fileRef = 18391E45702740FE9DD69695 /* ResizeScope.mm */; };
		1839125F057B0A4EB1760058 /* WindowImpl.mm in Sources */ = {isa = PBXBuildFile; fileRef = 183919BF108EB72A029F7671 /* WindowImpl.mm */; };
		183914E50CF6D2EFC1667F7C /* WindowInterfaces.h in Headers */ = {isa = PBXBuildFile; fileRef = 18391DB45C7D892E61BF388C /* WindowInterfaces.h */; };
		1839151F32D1BB1AB51A7BB6 /* AvnPanelWindow.mm in Sources */ = {isa = PBXBuildFile; fileRef = 18391884C7476DA4E53A492D /* AvnPanelWindow.mm */; };
		183916173528EC2737DBE5E1 /* WindowBaseImpl.h in Headers */ = {isa = PBXBuildFile; fileRef = 183915BFF0E234CD3604A7CD /* WindowBaseImpl.h */; };
		1839171DCC651B0638603AC4 /* INSWindowHolder.h in Headers */ = {isa = PBXBuildFile; fileRef = 18391BBB7782C296D424071F /* INSWindowHolder.h */; };
		1839179A55FC1421BEE83330 /* WindowBaseImpl.mm in Sources */ = {isa = PBXBuildFile; fileRef = 18391676ECF0E983F4964357 /* WindowBaseImpl.mm */; };
		183919D91DB9AAB5D700C2EA /* WindowImpl.h in Headers */ = {isa = PBXBuildFile; fileRef = 18391CD090AA776E7E841AC9 /* WindowImpl.h */; };
		18391AA7E0BBA74D184C5734 /* AutoFitContentView.mm in Sources */ = {isa = PBXBuildFile; fileRef = 1839166350F32661F3ABD70F /* AutoFitContentView.mm */; };
		18391AC16726CBC45856233B /* AvnWindow.mm in Sources */ = {isa = PBXBuildFile; fileRef = 1839155B28B20FFB672D29C6 /* AvnWindow.mm */; };
		18391AC65ADD7DDD33FBE737 /* PopupImpl.h in Headers */ = {isa = PBXBuildFile; fileRef = 183910513F396141938832B5 /* PopupImpl.h */; };
		18391C28BF1823B5464FDD36 /* ResizeScope.h in Headers */ = {isa = PBXBuildFile; fileRef = 1839171D898F9BFC1373631A /* ResizeScope.h */; };
		18391CF07316F819E76B617C /* IWindowStateChanged.h in Headers */ = {isa = PBXBuildFile; fileRef = 183913C6BFD6856BD42D19FD /* IWindowStateChanged.h */; };
		18391D4EB311BC7EF8B8C0A6 /* AvnView.mm in Sources */ = {isa = PBXBuildFile; fileRef = 1839132D0E2454D911F1D1F9 /* AvnView.mm */; };
		18391D8CD1756DC858DC1A09 /* PopupImpl.mm in Sources */ = {isa = PBXBuildFile; fileRef = 18391BB698579F40F1783F31 /* PopupImpl.mm */; };
		18391E1381E2D5BFD60265A9 /* AutoFitContentView.h in Headers */ = {isa = PBXBuildFile; fileRef = 18391654EF0E7AB3D3AB4071 /* AutoFitContentView.h */; };
		18391ED5F611FF62C45F196D /* AvnView.h in Headers */ = {isa = PBXBuildFile; fileRef = 18391D1669284AD2EC9E866A /* AvnView.h */; };
		18391F1E2411C79405A9943A /* WindowProtocol.h in Headers */ = {isa = PBXBuildFile; fileRef = 1839122E037567BDD1D09DEB /* WindowProtocol.h */; };
		1A002B9E232135EE00021753 /* app.mm in Sources */ = {isa = PBXBuildFile; fileRef = 1A002B9D232135EE00021753 /* app.mm */; };
		1A1852DC23E05814008F0DED /* deadlock.mm in Sources */ = {isa = PBXBuildFile; fileRef = 1A1852DB23E05814008F0DED /* deadlock.mm */; };
		1A3E5EA823E9E83B00EDE661 /* rendertarget.mm in Sources */ = {isa = PBXBuildFile; fileRef = 1A3E5EA723E9E83B00EDE661 /* rendertarget.mm */; };
		1A3E5EAA23E9F26C00EDE661 /* IOSurface.framework in Frameworks */ = {isa = PBXBuildFile; fileRef = 1A3E5EA923E9F26C00EDE661 /* IOSurface.framework */; };
		1A3E5EAE23E9FB1300EDE661 /* cgl.mm in Sources */ = {isa = PBXBuildFile; fileRef = 1A3E5EAD23E9FB1300EDE661 /* cgl.mm */; };
		1A3E5EB023E9FE8300EDE661 /* QuartzCore.framework in Frameworks */ = {isa = PBXBuildFile; fileRef = 1A3E5EAF23E9FE8300EDE661 /* QuartzCore.framework */; };
		1A465D10246AB61600C5858B /* dnd.mm in Sources */ = {isa = PBXBuildFile; fileRef = 1A465D0F246AB61600C5858B /* dnd.mm */; };
		1AFD334123E03C4F0042899B /* controlhost.mm in Sources */ = {isa = PBXBuildFile; fileRef = 1AFD334023E03C4F0042899B /* controlhost.mm */; };
		37155CE4233C00EB0034DCE9 /* menu.h in Headers */ = {isa = PBXBuildFile; fileRef = 37155CE3233C00EB0034DCE9 /* menu.h */; };
		37A517B32159597E00FBA241 /* Screens.mm in Sources */ = {isa = PBXBuildFile; fileRef = 37A517B22159597E00FBA241 /* Screens.mm */; };
		37C09D8821580FE4006A6758 /* SystemDialogs.mm in Sources */ = {isa = PBXBuildFile; fileRef = 37C09D8721580FE4006A6758 /* SystemDialogs.mm */; };
		37DDA9B0219330F8002E132B /* AvnString.mm in Sources */ = {isa = PBXBuildFile; fileRef = 37DDA9AF219330F8002E132B /* AvnString.mm */; };
		37E2330F21583241000CB7E2 /* KeyTransform.mm in Sources */ = {isa = PBXBuildFile; fileRef = 37E2330E21583241000CB7E2 /* KeyTransform.mm */; };
		520624B322973F4100C4DCEF /* menu.mm in Sources */ = {isa = PBXBuildFile; fileRef = 520624B222973F4100C4DCEF /* menu.mm */; };
		522D5959258159C1006F7F7A /* Carbon.framework in Frameworks */ = {isa = PBXBuildFile; fileRef = 522D5958258159C1006F7F7A /* Carbon.framework */; };
		523484CA26EA688F00EA0C2C /* trayicon.mm in Sources */ = {isa = PBXBuildFile; fileRef = 523484C926EA688F00EA0C2C /* trayicon.mm */; };
		5B21A982216530F500CEE36E /* cursor.mm in Sources */ = {isa = PBXBuildFile; fileRef = 5B21A981216530F500CEE36E /* cursor.mm */; };
		5B8BD94F215BFEA6005ED2A7 /* clipboard.mm in Sources */ = {isa = PBXBuildFile; fileRef = 5B8BD94E215BFEA6005ED2A7 /* clipboard.mm */; };
		64B1EA48E308E574685AFB07 /* metal.mm in Sources */ = {isa = PBXBuildFile; fileRef = 64B1EBEECBE13D8616D7C934 /* metal.mm */; };
		64B1ECA861163C0EFF0E502B /* noarc.h in Headers */ = {isa = PBXBuildFile; fileRef = 64B1E26F2B1B9C577BF52F06 /* noarc.h */; };
		64B1ED7C5433AC3B815FFCC5 /* Metal.framework in Frameworks */ = {isa = PBXBuildFile; fileRef = 64B1E23CAFE5FEC7AD981B1B /* Metal.framework */; };
		64B1EE5DD4D882D587CE76CE /* CoreGraphics.framework in Frameworks */ = {isa = PBXBuildFile; fileRef = 64B1E677F7791226F783ACE4 /* CoreGraphics.framework */; };
		64B1EF3C757B71526FFAF436 /* noarc.mm in Sources */ = {isa = PBXBuildFile; fileRef = 64B1E4FA7D9D6E5F47AA8606 /* noarc.mm */; settings = {COMPILER_FLAGS = "-fno-objc-arc"; }; };
		855EDC9F28C6546F00807998 /* PlatformBehaviorInhibition.mm in Sources */ = {isa = PBXBuildFile; fileRef = 855EDC9E28C6546F00807998 /* PlatformBehaviorInhibition.mm */; };
		8D2F3512292F6AAE007FCF54 /* AvnTextInputMethodDelegate.h in Headers */ = {isa = PBXBuildFile; fileRef = 8D2F3511292F6AAE007FCF54 /* AvnTextInputMethodDelegate.h */; };
		8D300D65292D0A6800320C49 /* AvnTextInputMethod.h in Headers */ = {isa = PBXBuildFile; fileRef = 8D300D64292D0A6800320C49 /* AvnTextInputMethod.h */; };
		8D300D69292E1E5D00320C49 /* AvnTextInputMethod.mm in Sources */ = {isa = PBXBuildFile; fileRef = 8D300D68292E1E5D00320C49 /* AvnTextInputMethod.mm */; };
		AB00E4F72147CA920032A60A /* main.mm in Sources */ = {isa = PBXBuildFile; fileRef = AB00E4F62147CA920032A60A /* main.mm */; };
		AB1E522C217613570091CD71 /* OpenGL.framework in Frameworks */ = {isa = PBXBuildFile; fileRef = AB1E522B217613570091CD71 /* OpenGL.framework */; };
		AB661C1E2148230F00291242 /* AppKit.framework in Frameworks */ = {isa = PBXBuildFile; fileRef = AB661C1D2148230F00291242 /* AppKit.framework */; };
		AB8F7D6B21482D7F0057DBA5 /* platformthreading.mm in Sources */ = {isa = PBXBuildFile; fileRef = AB8F7D6A21482D7F0057DBA5 /* platformthreading.mm */; };
		BC11A5BE2608D58F0017BAD0 /* automation.h in Headers */ = {isa = PBXBuildFile; fileRef = BC11A5BC2608D58F0017BAD0 /* automation.h */; };
		BC11A5BF2608D58F0017BAD0 /* automation.mm in Sources */ = {isa = PBXBuildFile; fileRef = BC11A5BD2608D58F0017BAD0 /* automation.mm */; };
		ED3791C42862E1F40080BD62 /* UniformTypeIdentifiers.framework in Frameworks */ = {isa = PBXBuildFile; fileRef = ED3791C32862E1F40080BD62 /* UniformTypeIdentifiers.framework */; };
		ED754D262A97306B0078B4DF /* PlatformRenderTimer.mm in Sources */ = {isa = PBXBuildFile; fileRef = ED754D252A97306B0078B4DF /* PlatformRenderTimer.mm */; };
		EDF8CDCD2964CB01001EE34F /* PlatformSettings.mm in Sources */ = {isa = PBXBuildFile; fileRef = EDF8CDCC2964CB01001EE34F /* PlatformSettings.mm */; };
/* End PBXBuildFile section */

/* Begin PBXFileReference section */
		183910513F396141938832B5 /* PopupImpl.h */ = {isa = PBXFileReference; fileEncoding = 4; lastKnownFileType = sourcecode.c.h; path = PopupImpl.h; sourceTree = "<group>"; };
		1839122E037567BDD1D09DEB /* WindowProtocol.h */ = {isa = PBXFileReference; fileEncoding = 4; lastKnownFileType = sourcecode.c.h; path = WindowProtocol.h; sourceTree = "<group>"; };
		1839132D0E2454D911F1D1F9 /* AvnView.mm */ = {isa = PBXFileReference; fileEncoding = 4; lastKnownFileType = sourcecode.cpp.objcpp; path = AvnView.mm; sourceTree = "<group>"; };
		183913C6BFD6856BD42D19FD /* IWindowStateChanged.h */ = {isa = PBXFileReference; fileEncoding = 4; lastKnownFileType = sourcecode.c.h; path = IWindowStateChanged.h; sourceTree = "<group>"; };
		1839155B28B20FFB672D29C6 /* AvnWindow.mm */ = {isa = PBXFileReference; fileEncoding = 4; lastKnownFileType = sourcecode.cpp.objcpp; path = AvnWindow.mm; sourceTree = "<group>"; };
		183915BFF0E234CD3604A7CD /* WindowBaseImpl.h */ = {isa = PBXFileReference; fileEncoding = 4; lastKnownFileType = sourcecode.c.h; path = WindowBaseImpl.h; sourceTree = "<group>"; };
		18391654EF0E7AB3D3AB4071 /* AutoFitContentView.h */ = {isa = PBXFileReference; fileEncoding = 4; lastKnownFileType = sourcecode.c.h; path = AutoFitContentView.h; sourceTree = "<group>"; };
		1839166350F32661F3ABD70F /* AutoFitContentView.mm */ = {isa = PBXFileReference; fileEncoding = 4; lastKnownFileType = sourcecode.cpp.objcpp; path = AutoFitContentView.mm; sourceTree = "<group>"; };
		18391676ECF0E983F4964357 /* WindowBaseImpl.mm */ = {isa = PBXFileReference; fileEncoding = 4; lastKnownFileType = sourcecode.cpp.objcpp; path = WindowBaseImpl.mm; sourceTree = "<group>"; };
		1839171D898F9BFC1373631A /* ResizeScope.h */ = {isa = PBXFileReference; fileEncoding = 4; lastKnownFileType = sourcecode.c.h; path = ResizeScope.h; sourceTree = "<group>"; };
		18391884C7476DA4E53A492D /* AvnPanelWindow.mm */ = {isa = PBXFileReference; fileEncoding = 4; lastKnownFileType = sourcecode.cpp.objcpp; path = AvnPanelWindow.mm; sourceTree = "<group>"; };
		183919BF108EB72A029F7671 /* WindowImpl.mm */ = {isa = PBXFileReference; fileEncoding = 4; lastKnownFileType = sourcecode.cpp.objcpp; path = WindowImpl.mm; sourceTree = "<group>"; };
		18391BB698579F40F1783F31 /* PopupImpl.mm */ = {isa = PBXFileReference; fileEncoding = 4; lastKnownFileType = sourcecode.cpp.objcpp; path = PopupImpl.mm; sourceTree = "<group>"; };
		18391BBB7782C296D424071F /* INSWindowHolder.h */ = {isa = PBXFileReference; fileEncoding = 4; lastKnownFileType = sourcecode.c.h; path = INSWindowHolder.h; sourceTree = "<group>"; };
		18391CD090AA776E7E841AC9 /* WindowImpl.h */ = {isa = PBXFileReference; fileEncoding = 4; lastKnownFileType = sourcecode.c.h; path = WindowImpl.h; sourceTree = "<group>"; };
		18391D1669284AD2EC9E866A /* AvnView.h */ = {isa = PBXFileReference; fileEncoding = 4; lastKnownFileType = sourcecode.c.h; path = AvnView.h; sourceTree = "<group>"; };
		18391DB45C7D892E61BF388C /* WindowInterfaces.h */ = {isa = PBXFileReference; fileEncoding = 4; lastKnownFileType = sourcecode.c.h; path = WindowInterfaces.h; sourceTree = "<group>"; };
		18391E45702740FE9DD69695 /* ResizeScope.mm */ = {isa = PBXFileReference; fileEncoding = 4; lastKnownFileType = sourcecode.cpp.objcpp; path = ResizeScope.mm; sourceTree = "<group>"; };
		1A002B9D232135EE00021753 /* app.mm */ = {isa = PBXFileReference; lastKnownFileType = sourcecode.cpp.objcpp; path = app.mm; sourceTree = "<group>"; };
		1A1852DB23E05814008F0DED /* deadlock.mm */ = {isa = PBXFileReference; lastKnownFileType = sourcecode.cpp.objcpp; path = deadlock.mm; sourceTree = "<group>"; };
		1A3E5EA723E9E83B00EDE661 /* rendertarget.mm */ = {isa = PBXFileReference; lastKnownFileType = sourcecode.cpp.objcpp; path = rendertarget.mm; sourceTree = "<group>"; };
		1A3E5EA923E9F26C00EDE661 /* IOSurface.framework */ = {isa = PBXFileReference; lastKnownFileType = wrapper.framework; name = IOSurface.framework; path = System/Library/Frameworks/IOSurface.framework; sourceTree = SDKROOT; };
		1A3E5EAD23E9FB1300EDE661 /* cgl.mm */ = {isa = PBXFileReference; lastKnownFileType = sourcecode.cpp.objcpp; path = cgl.mm; sourceTree = "<group>"; };
		1A3E5EAF23E9FE8300EDE661 /* QuartzCore.framework */ = {isa = PBXFileReference; lastKnownFileType = wrapper.framework; name = QuartzCore.framework; path = System/Library/Frameworks/QuartzCore.framework; sourceTree = SDKROOT; };
		1A465D0F246AB61600C5858B /* dnd.mm */ = {isa = PBXFileReference; lastKnownFileType = sourcecode.cpp.objcpp; path = dnd.mm; sourceTree = "<group>"; };
		1AFD334023E03C4F0042899B /* controlhost.mm */ = {isa = PBXFileReference; lastKnownFileType = sourcecode.cpp.objcpp; path = controlhost.mm; sourceTree = "<group>"; };
		37155CE3233C00EB0034DCE9 /* menu.h */ = {isa = PBXFileReference; fileEncoding = 4; lastKnownFileType = sourcecode.c.h; path = menu.h; sourceTree = "<group>"; };
		379860FE214DA0C000CD0246 /* KeyTransform.h */ = {isa = PBXFileReference; lastKnownFileType = sourcecode.c.h; path = KeyTransform.h; sourceTree = "<group>"; };
		37A4E71A2178846A00EACBCD /* headers */ = {isa = PBXFileReference; lastKnownFileType = folder; name = headers; path = ../../inc; sourceTree = "<group>"; };
		37A517B22159597E00FBA241 /* Screens.mm */ = {isa = PBXFileReference; lastKnownFileType = sourcecode.cpp.objcpp; path = Screens.mm; sourceTree = "<group>"; };
		37C09D8721580FE4006A6758 /* SystemDialogs.mm */ = {isa = PBXFileReference; lastKnownFileType = sourcecode.cpp.objcpp; path = SystemDialogs.mm; sourceTree = "<group>"; };
		37DDA9AF219330F8002E132B /* AvnString.mm */ = {isa = PBXFileReference; lastKnownFileType = sourcecode.cpp.objcpp; path = AvnString.mm; sourceTree = "<group>"; };
		37DDA9B121933371002E132B /* AvnString.h */ = {isa = PBXFileReference; lastKnownFileType = sourcecode.c.h; path = AvnString.h; sourceTree = "<group>"; };
		37E2330E21583241000CB7E2 /* KeyTransform.mm */ = {isa = PBXFileReference; fileEncoding = 4; lastKnownFileType = sourcecode.cpp.objcpp; path = KeyTransform.mm; sourceTree = "<group>"; };
		520624B222973F4100C4DCEF /* menu.mm */ = {isa = PBXFileReference; lastKnownFileType = sourcecode.cpp.objcpp; path = menu.mm; sourceTree = "<group>"; };
		522D5958258159C1006F7F7A /* Carbon.framework */ = {isa = PBXFileReference; lastKnownFileType = wrapper.framework; name = Carbon.framework; path = System/Library/Frameworks/Carbon.framework; sourceTree = SDKROOT; };
		523484C926EA688F00EA0C2C /* trayicon.mm */ = {isa = PBXFileReference; lastKnownFileType = sourcecode.cpp.objcpp; path = trayicon.mm; sourceTree = "<group>"; };
		523484CB26EA68AA00EA0C2C /* trayicon.h */ = {isa = PBXFileReference; lastKnownFileType = sourcecode.c.h; path = trayicon.h; sourceTree = "<group>"; };
		5B21A981216530F500CEE36E /* cursor.mm */ = {isa = PBXFileReference; lastKnownFileType = sourcecode.cpp.objcpp; path = cursor.mm; sourceTree = "<group>"; };
		5B8BD94E215BFEA6005ED2A7 /* clipboard.mm */ = {isa = PBXFileReference; lastKnownFileType = sourcecode.cpp.objcpp; path = clipboard.mm; sourceTree = "<group>"; };
		5BF943652167AD1D009CAE35 /* cursor.h */ = {isa = PBXFileReference; lastKnownFileType = sourcecode.c.h; path = cursor.h; sourceTree = "<group>"; };
		64B1E23CAFE5FEC7AD981B1B /* Metal.framework */ = {isa = PBXFileReference; lastKnownFileType = wrapper.framework; name = Metal.framework; path = System/Library/Frameworks/Metal.framework; sourceTree = SDKROOT; };
		64B1E26F2B1B9C577BF52F06 /* noarc.h */ = {isa = PBXFileReference; fileEncoding = 4; lastKnownFileType = sourcecode.c.h; name = noarc.h; path = ../../inc/noarc.h; sourceTree = "<group>"; };
		64B1E4FA7D9D6E5F47AA8606 /* noarc.mm */ = {isa = PBXFileReference; fileEncoding = 4; lastKnownFileType = sourcecode.cpp.objcpp; path = noarc.mm; sourceTree = "<group>"; };
		64B1E677F7791226F783ACE4 /* CoreGraphics.framework */ = {isa = PBXFileReference; lastKnownFileType = wrapper.framework; name = CoreGraphics.framework; path = System/Library/Frameworks/CoreGraphics.framework; sourceTree = SDKROOT; };
		64B1EBEECBE13D8616D7C934 /* metal.mm */ = {isa = PBXFileReference; fileEncoding = 4; lastKnownFileType = sourcecode.cpp.objcpp; path = metal.mm; sourceTree = "<group>"; };
		855EDC9E28C6546F00807998 /* PlatformBehaviorInhibition.mm */ = {isa = PBXFileReference; lastKnownFileType = sourcecode.cpp.objcpp; path = PlatformBehaviorInhibition.mm; sourceTree = "<group>"; };
		8D2F3511292F6AAE007FCF54 /* AvnTextInputMethodDelegate.h */ = {isa = PBXFileReference; lastKnownFileType = sourcecode.c.h; path = AvnTextInputMethodDelegate.h; sourceTree = "<group>"; };
		8D300D64292D0A6800320C49 /* AvnTextInputMethod.h */ = {isa = PBXFileReference; lastKnownFileType = sourcecode.c.h; path = AvnTextInputMethod.h; sourceTree = "<group>"; };
		8D300D68292E1E5D00320C49 /* AvnTextInputMethod.mm */ = {isa = PBXFileReference; lastKnownFileType = sourcecode.cpp.objcpp; path = AvnTextInputMethod.mm; sourceTree = "<group>"; };
		AB00E4F62147CA920032A60A /* main.mm */ = {isa = PBXFileReference; fileEncoding = 4; lastKnownFileType = sourcecode.cpp.objcpp; path = main.mm; sourceTree = "<group>"; };
		AB1E522B217613570091CD71 /* OpenGL.framework */ = {isa = PBXFileReference; lastKnownFileType = wrapper.framework; name = OpenGL.framework; path = System/Library/Frameworks/OpenGL.framework; sourceTree = SDKROOT; };
		AB661C1D2148230F00291242 /* AppKit.framework */ = {isa = PBXFileReference; lastKnownFileType = wrapper.framework; name = AppKit.framework; path = System/Library/Frameworks/AppKit.framework; sourceTree = SDKROOT; };
		AB661C212148288600291242 /* common.h */ = {isa = PBXFileReference; lastKnownFileType = sourcecode.c.h; path = common.h; sourceTree = "<group>"; };
		AB7A61EF2147C815003C5833 /* libAvalonia.Native.OSX.dylib */ = {isa = PBXFileReference; explicitFileType = "compiled.mach-o.dylib"; includeInIndex = 0; path = libAvalonia.Native.OSX.dylib; sourceTree = BUILT_PRODUCTS_DIR; };
		AB8F7D6A21482D7F0057DBA5 /* platformthreading.mm */ = {isa = PBXFileReference; fileEncoding = 4; lastKnownFileType = sourcecode.cpp.objcpp; path = platformthreading.mm; sourceTree = "<group>"; };
		BC11A5BC2608D58F0017BAD0 /* automation.h */ = {isa = PBXFileReference; lastKnownFileType = sourcecode.c.h; path = automation.h; sourceTree = "<group>"; };
		BC11A5BD2608D58F0017BAD0 /* automation.mm */ = {isa = PBXFileReference; lastKnownFileType = sourcecode.cpp.objcpp; path = automation.mm; sourceTree = "<group>"; };
		ED3791C32862E1F40080BD62 /* UniformTypeIdentifiers.framework */ = {isa = PBXFileReference; lastKnownFileType = wrapper.framework; name = UniformTypeIdentifiers.framework; path = System/Library/Frameworks/UniformTypeIdentifiers.framework; sourceTree = SDKROOT; };
		ED754D252A97306B0078B4DF /* PlatformRenderTimer.mm */ = {isa = PBXFileReference; lastKnownFileType = sourcecode.cpp.objcpp; path = PlatformRenderTimer.mm; sourceTree = "<group>"; };
		EDF8CDCC2964CB01001EE34F /* PlatformSettings.mm */ = {isa = PBXFileReference; lastKnownFileType = sourcecode.cpp.objcpp; path = PlatformSettings.mm; sourceTree = "<group>"; };
/* End PBXFileReference section */

/* Begin PBXFrameworksBuildPhase section */
		AB7A61EC2147C814003C5833 /* Frameworks */ = {
			isa = PBXFrameworksBuildPhase;
			buildActionMask = 2147483647;
			files = (
				ED3791C42862E1F40080BD62 /* UniformTypeIdentifiers.framework in Frameworks */,
				1A3E5EB023E9FE8300EDE661 /* QuartzCore.framework in Frameworks */,
				1A3E5EAA23E9F26C00EDE661 /* IOSurface.framework in Frameworks */,
				AB1E522C217613570091CD71 /* OpenGL.framework in Frameworks */,
				522D5959258159C1006F7F7A /* Carbon.framework in Frameworks */,
				AB661C1E2148230F00291242 /* AppKit.framework in Frameworks */,
				64B1ED7C5433AC3B815FFCC5 /* Metal.framework in Frameworks */,
				64B1EE5DD4D882D587CE76CE /* CoreGraphics.framework in Frameworks */,
			);
			runOnlyForDeploymentPostprocessing = 0;
		};
/* End PBXFrameworksBuildPhase section */

/* Begin PBXGroup section */
		AB661C1C2148230E00291242 /* Frameworks */ = {
			isa = PBXGroup;
			children = (
				ED3791C32862E1F40080BD62 /* UniformTypeIdentifiers.framework */,
				522D5958258159C1006F7F7A /* Carbon.framework */,
				1A3E5EAF23E9FE8300EDE661 /* QuartzCore.framework */,
				1A3E5EA923E9F26C00EDE661 /* IOSurface.framework */,
				AB1E522B217613570091CD71 /* OpenGL.framework */,
				AB661C1D2148230F00291242 /* AppKit.framework */,
				64B1E23CAFE5FEC7AD981B1B /* Metal.framework */,
				64B1E677F7791226F783ACE4 /* CoreGraphics.framework */,
			);
			name = Frameworks;
			sourceTree = "<group>";
		};
		AB7A61E62147C814003C5833 = {
			isa = PBXGroup;
			children = (
				ED754D252A97306B0078B4DF /* PlatformRenderTimer.mm */,
				855EDC9E28C6546F00807998 /* PlatformBehaviorInhibition.mm */,
				8D2F3511292F6AAE007FCF54 /* AvnTextInputMethodDelegate.h */,
				8D300D68292E1E5D00320C49 /* AvnTextInputMethod.mm */,
				8D300D64292D0A6800320C49 /* AvnTextInputMethod.h */,
				BC11A5BC2608D58F0017BAD0 /* automation.h */,
				BC11A5BD2608D58F0017BAD0 /* automation.mm */,
				1A1852DB23E05814008F0DED /* deadlock.mm */,
				1A002B9D232135EE00021753 /* app.mm */,
				37DDA9B121933371002E132B /* AvnString.h */,
				37DDA9AF219330F8002E132B /* AvnString.mm */,
				37A4E71A2178846A00EACBCD /* headers */,
				1A3E5EAD23E9FB1300EDE661 /* cgl.mm */,
				1AFD334023E03C4F0042899B /* controlhost.mm */,
				5BF943652167AD1D009CAE35 /* cursor.h */,
				5B21A981216530F500CEE36E /* cursor.mm */,
				5B8BD94E215BFEA6005ED2A7 /* clipboard.mm */,
				1A465D0F246AB61600C5858B /* dnd.mm */,
				AB8F7D6A21482D7F0057DBA5 /* platformthreading.mm */,
				AB661C212148288600291242 /* common.h */,
				379860FE214DA0C000CD0246 /* KeyTransform.h */,
				37E2330E21583241000CB7E2 /* KeyTransform.mm */,
				AB00E4F62147CA920032A60A /* main.mm */,
				37155CE3233C00EB0034DCE9 /* menu.h */,
				520624B222973F4100C4DCEF /* menu.mm */,
				523484C926EA688F00EA0C2C /* trayicon.mm */,
				523484CB26EA68AA00EA0C2C /* trayicon.h */,
				1A3E5EA723E9E83B00EDE661 /* rendertarget.mm */,
				37A517B22159597E00FBA241 /* Screens.mm */,
				37C09D8721580FE4006A6758 /* SystemDialogs.mm */,
				EDF8CDCC2964CB01001EE34F /* PlatformSettings.mm */,
				AB7A61F02147C815003C5833 /* Products */,
				AB661C1C2148230E00291242 /* Frameworks */,
				18391676ECF0E983F4964357 /* WindowBaseImpl.mm */,
				183915BFF0E234CD3604A7CD /* WindowBaseImpl.h */,
				18391BBB7782C296D424071F /* INSWindowHolder.h */,
				183919BF108EB72A029F7671 /* WindowImpl.mm */,
				18391CD090AA776E7E841AC9 /* WindowImpl.h */,
				183913C6BFD6856BD42D19FD /* IWindowStateChanged.h */,
				18391E45702740FE9DD69695 /* ResizeScope.mm */,
				1839171D898F9BFC1373631A /* ResizeScope.h */,
				1839132D0E2454D911F1D1F9 /* AvnView.mm */,
				18391D1669284AD2EC9E866A /* AvnView.h */,
				1839166350F32661F3ABD70F /* AutoFitContentView.mm */,
				18391654EF0E7AB3D3AB4071 /* AutoFitContentView.h */,
				18391884C7476DA4E53A492D /* AvnPanelWindow.mm */,
				1839122E037567BDD1D09DEB /* WindowProtocol.h */,
				1839155B28B20FFB672D29C6 /* AvnWindow.mm */,
				18391DB45C7D892E61BF388C /* WindowInterfaces.h */,
				18391BB698579F40F1783F31 /* PopupImpl.mm */,
				183910513F396141938832B5 /* PopupImpl.h */,
				64B1EBEECBE13D8616D7C934 /* metal.mm */,
				64B1E4FA7D9D6E5F47AA8606 /* noarc.mm */,
				64B1E26F2B1B9C577BF52F06 /* noarc.h */,
			);
			sourceTree = "<group>";
		};
		AB7A61F02147C815003C5833 /* Products */ = {
			isa = PBXGroup;
			children = (
				AB7A61EF2147C815003C5833 /* libAvalonia.Native.OSX.dylib */,
			);
			name = Products;
			sourceTree = "<group>";
		};
/* End PBXGroup section */

/* Begin PBXHeadersBuildPhase section */
		AB7A61ED2147C814003C5833 /* Headers */ = {
			isa = PBXHeadersBuildPhase;
			buildActionMask = 2147483647;
			files = (
				37155CE4233C00EB0034DCE9 /* menu.h in Headers */,
				BC11A5BE2608D58F0017BAD0 /* automation.h in Headers */,
				183916173528EC2737DBE5E1 /* WindowBaseImpl.h in Headers */,
				1839171DCC651B0638603AC4 /* INSWindowHolder.h in Headers */,
				183919D91DB9AAB5D700C2EA /* WindowImpl.h in Headers */,
				18391CF07316F819E76B617C /* IWindowStateChanged.h in Headers */,
				8D300D65292D0A6800320C49 /* AvnTextInputMethod.h in Headers */,
				8D2F3512292F6AAE007FCF54 /* AvnTextInputMethodDelegate.h in Headers */,
				18391C28BF1823B5464FDD36 /* ResizeScope.h in Headers */,
				18391ED5F611FF62C45F196D /* AvnView.h in Headers */,
				18391E1381E2D5BFD60265A9 /* AutoFitContentView.h in Headers */,
				18391F1E2411C79405A9943A /* WindowProtocol.h in Headers */,
				183914E50CF6D2EFC1667F7C /* WindowInterfaces.h in Headers */,
				18391AC65ADD7DDD33FBE737 /* PopupImpl.h in Headers */,
				64B1ECA861163C0EFF0E502B /* noarc.h in Headers */,
			);
			runOnlyForDeploymentPostprocessing = 0;
		};
/* End PBXHeadersBuildPhase section */

/* Begin PBXNativeTarget section */
		AB7A61EE2147C814003C5833 /* Avalonia.Native.OSX */ = {
			isa = PBXNativeTarget;
			buildConfigurationList = AB7A61F82147C815003C5833 /* Build configuration list for PBXNativeTarget "Avalonia.Native.OSX" */;
			buildPhases = (
				AB7A61EB2147C814003C5833 /* Sources */,
				AB7A61EC2147C814003C5833 /* Frameworks */,
				AB7A61ED2147C814003C5833 /* Headers */,
			);
			buildRules = (
			);
			dependencies = (
			);
			name = Avalonia.Native.OSX;
			productName = Avalonia.Native.OSX;
			productReference = AB7A61EF2147C815003C5833 /* libAvalonia.Native.OSX.dylib */;
			productType = "com.apple.product-type.library.dynamic";
		};
/* End PBXNativeTarget section */

/* Begin PBXProject section */
		AB7A61E72147C814003C5833 /* Project object */ = {
			isa = PBXProject;
			attributes = {
				LastUpgradeCheck = 1000;
				ORGANIZATIONNAME = Avalonia;
				TargetAttributes = {
					AB7A61EE2147C814003C5833 = {
						CreatedOnToolsVersion = 8.3.2;
						ProvisioningStyle = Automatic;
					};
				};
			};
			buildConfigurationList = AB7A61EA2147C814003C5833 /* Build configuration list for PBXProject "Avalonia.Native.OSX" */;
			compatibilityVersion = "Xcode 3.2";
			developmentRegion = English;
			hasScannedForEncodings = 0;
			knownRegions = (
				English,
				en,
			);
			mainGroup = AB7A61E62147C814003C5833;
			productRefGroup = AB7A61F02147C815003C5833 /* Products */;
			projectDirPath = "";
			projectRoot = "";
			targets = (
				AB7A61EE2147C814003C5833 /* Avalonia.Native.OSX */,
			);
		};
/* End PBXProject section */

/* Begin PBXSourcesBuildPhase section */
		AB7A61EB2147C814003C5833 /* Sources */ = {
			isa = PBXSourcesBuildPhase;
			buildActionMask = 2147483647;
			files = (
				1A002B9E232135EE00021753 /* app.mm in Sources */,
				5B8BD94F215BFEA6005ED2A7 /* clipboard.mm in Sources */,
				1A1852DC23E05814008F0DED /* deadlock.mm in Sources */,
				5B21A982216530F500CEE36E /* cursor.mm in Sources */,
				37DDA9B0219330F8002E132B /* AvnString.mm in Sources */,
				523484CA26EA688F00EA0C2C /* trayicon.mm in Sources */,
				AB8F7D6B21482D7F0057DBA5 /* platformthreading.mm in Sources */,
				1A3E5EA823E9E83B00EDE661 /* rendertarget.mm in Sources */,
				1A3E5EAE23E9FB1300EDE661 /* cgl.mm in Sources */,
				BC11A5BF2608D58F0017BAD0 /* automation.mm in Sources */,
				37E2330F21583241000CB7E2 /* KeyTransform.mm in Sources */,
				855EDC9F28C6546F00807998 /* PlatformBehaviorInhibition.mm in Sources */,
				520624B322973F4100C4DCEF /* menu.mm in Sources */,
				8D300D69292E1E5D00320C49 /* AvnTextInputMethod.mm in Sources */,
				37A517B32159597E00FBA241 /* Screens.mm in Sources */,
				1AFD334123E03C4F0042899B /* controlhost.mm in Sources */,
				1A465D10246AB61600C5858B /* dnd.mm in Sources */,
				AB00E4F72147CA920032A60A /* main.mm in Sources */,
				37C09D8821580FE4006A6758 /* SystemDialogs.mm in Sources */,
				1839179A55FC1421BEE83330 /* WindowBaseImpl.mm in Sources */,
				1839125F057B0A4EB1760058 /* WindowImpl.mm in Sources */,
				18391068E48EF96E3DB5FDAB /* ResizeScope.mm in Sources */,
				18391D4EB311BC7EF8B8C0A6 /* AvnView.mm in Sources */,
				18391AA7E0BBA74D184C5734 /* AutoFitContentView.mm in Sources */,
				ED754D262A97306B0078B4DF /* PlatformRenderTimer.mm in Sources */,
				1839151F32D1BB1AB51A7BB6 /* AvnPanelWindow.mm in Sources */,
				18391AC16726CBC45856233B /* AvnWindow.mm in Sources */,
				18391D8CD1756DC858DC1A09 /* PopupImpl.mm in Sources */,
				EDF8CDCD2964CB01001EE34F /* PlatformSettings.mm in Sources */,
				64B1EA48E308E574685AFB07 /* metal.mm in Sources */,
				64B1EF3C757B71526FFAF436 /* noarc.mm in Sources */,
			);
			runOnlyForDeploymentPostprocessing = 0;
		};
/* End PBXSourcesBuildPhase section */

/* Begin XCBuildConfiguration section */
		AB7A61F62147C815003C5833 /* Debug */ = {
			isa = XCBuildConfiguration;
			buildSettings = {
				ALWAYS_SEARCH_USER_PATHS = NO;
				CLANG_ANALYZER_NONNULL = YES;
				CLANG_ANALYZER_NUMBER_OBJECT_CONVERSION = YES_AGGRESSIVE;
				CLANG_CXX_LANGUAGE_STANDARD = "gnu++0x";
				CLANG_CXX_LIBRARY = "libc++";
				CLANG_ENABLE_MODULES = YES;
				CLANG_ENABLE_OBJC_ARC = YES;
				CLANG_WARN_BLOCK_CAPTURE_AUTORELEASING = YES;
				CLANG_WARN_BOOL_CONVERSION = YES;
				CLANG_WARN_COMMA = YES;
				CLANG_WARN_CONSTANT_CONVERSION = YES;
				CLANG_WARN_DEPRECATED_OBJC_IMPLEMENTATIONS = YES;
				CLANG_WARN_DIRECT_OBJC_ISA_USAGE = YES_ERROR;
				CLANG_WARN_DOCUMENTATION_COMMENTS = YES;
				CLANG_WARN_EMPTY_BODY = YES;
				CLANG_WARN_ENUM_CONVERSION = YES;
				CLANG_WARN_INFINITE_RECURSION = YES;
				CLANG_WARN_INT_CONVERSION = YES;
				CLANG_WARN_NON_LITERAL_NULL_CONVERSION = YES;
				CLANG_WARN_OBJC_IMPLICIT_RETAIN_SELF = YES;
				CLANG_WARN_OBJC_LITERAL_CONVERSION = YES;
				CLANG_WARN_OBJC_ROOT_CLASS = YES_ERROR;
				CLANG_WARN_RANGE_LOOP_ANALYSIS = YES;
				CLANG_WARN_STRICT_PROTOTYPES = YES;
				CLANG_WARN_SUSPICIOUS_MOVE = YES;
				CLANG_WARN_UNREACHABLE_CODE = YES;
				CLANG_WARN__DUPLICATE_METHOD_MATCH = YES;
				CODE_SIGN_IDENTITY = "-";
				COPY_PHASE_STRIP = NO;
				DEBUG_INFORMATION_FORMAT = dwarf;
				ENABLE_STRICT_OBJC_MSGSEND = YES;
				ENABLE_TESTABILITY = YES;
				GCC_C_LANGUAGE_STANDARD = gnu99;
				GCC_DYNAMIC_NO_PIC = NO;
				GCC_NO_COMMON_BLOCKS = YES;
				GCC_OPTIMIZATION_LEVEL = 0;
				GCC_PREPROCESSOR_DEFINITIONS = (
					"DEBUG=1",
					"$(inherited)",
				);
				GCC_WARN_64_TO_32_BIT_CONVERSION = YES;
				GCC_WARN_ABOUT_RETURN_TYPE = YES_ERROR;
				GCC_WARN_UNDECLARED_SELECTOR = YES;
				GCC_WARN_UNINITIALIZED_AUTOS = YES_AGGRESSIVE;
				GCC_WARN_UNUSED_FUNCTION = YES;
				GCC_WARN_UNUSED_VARIABLE = YES;
				MACOSX_DEPLOYMENT_TARGET = 10.12;
				MTL_ENABLE_DEBUG_INFO = YES;
				ONLY_ACTIVE_ARCH = YES;
				SDKROOT = macosx;
			};
			name = Debug;
		};
		AB7A61F72147C815003C5833 /* Release */ = {
			isa = XCBuildConfiguration;
			buildSettings = {
				ALWAYS_SEARCH_USER_PATHS = NO;
				CLANG_ANALYZER_NONNULL = YES;
				CLANG_ANALYZER_NUMBER_OBJECT_CONVERSION = YES_AGGRESSIVE;
				CLANG_CXX_LANGUAGE_STANDARD = "gnu++0x";
				CLANG_CXX_LIBRARY = "libc++";
				CLANG_ENABLE_MODULES = YES;
				CLANG_ENABLE_OBJC_ARC = YES;
				CLANG_WARN_BLOCK_CAPTURE_AUTORELEASING = YES;
				CLANG_WARN_BOOL_CONVERSION = YES;
				CLANG_WARN_COMMA = YES;
				CLANG_WARN_CONSTANT_CONVERSION = YES;
				CLANG_WARN_DEPRECATED_OBJC_IMPLEMENTATIONS = YES;
				CLANG_WARN_DIRECT_OBJC_ISA_USAGE = YES_ERROR;
				CLANG_WARN_DOCUMENTATION_COMMENTS = YES;
				CLANG_WARN_EMPTY_BODY = YES;
				CLANG_WARN_ENUM_CONVERSION = YES;
				CLANG_WARN_INFINITE_RECURSION = YES;
				CLANG_WARN_INT_CONVERSION = YES;
				CLANG_WARN_NON_LITERAL_NULL_CONVERSION = YES;
				CLANG_WARN_OBJC_IMPLICIT_RETAIN_SELF = YES;
				CLANG_WARN_OBJC_LITERAL_CONVERSION = YES;
				CLANG_WARN_OBJC_ROOT_CLASS = YES_ERROR;
				CLANG_WARN_RANGE_LOOP_ANALYSIS = YES;
				CLANG_WARN_STRICT_PROTOTYPES = YES;
				CLANG_WARN_SUSPICIOUS_MOVE = YES;
				CLANG_WARN_UNREACHABLE_CODE = YES;
				CLANG_WARN__DUPLICATE_METHOD_MATCH = YES;
				CODE_SIGN_IDENTITY = "-";
				COPY_PHASE_STRIP = NO;
				DEBUG_INFORMATION_FORMAT = "dwarf-with-dsym";
				ENABLE_NS_ASSERTIONS = NO;
				ENABLE_STRICT_OBJC_MSGSEND = YES;
				GCC_C_LANGUAGE_STANDARD = gnu99;
				GCC_NO_COMMON_BLOCKS = YES;
				GCC_WARN_64_TO_32_BIT_CONVERSION = YES;
				GCC_WARN_ABOUT_RETURN_TYPE = YES_ERROR;
				GCC_WARN_UNDECLARED_SELECTOR = YES;
				GCC_WARN_UNINITIALIZED_AUTOS = YES_AGGRESSIVE;
				GCC_WARN_UNUSED_FUNCTION = YES;
				GCC_WARN_UNUSED_VARIABLE = YES;
				MACOSX_DEPLOYMENT_TARGET = 10.12;
				MTL_ENABLE_DEBUG_INFO = NO;
				SDKROOT = macosx;
			};
			name = Release;
		};
		AB7A61F92147C815003C5833 /* Debug */ = {
			isa = XCBuildConfiguration;
			buildSettings = {
				DYLIB_COMPATIBILITY_VERSION = 1;
				DYLIB_CURRENT_VERSION = 1;
				EXECUTABLE_PREFIX = lib;
				HEADER_SEARCH_PATHS = ../../inc;
				PRODUCT_NAME = "$(TARGET_NAME)";
			};
			name = Debug;
		};
		AB7A61FA2147C815003C5833 /* Release */ = {
			isa = XCBuildConfiguration;
			buildSettings = {
				DYLIB_COMPATIBILITY_VERSION = 1;
				DYLIB_CURRENT_VERSION = 1;
				EXECUTABLE_PREFIX = lib;
				HEADER_SEARCH_PATHS = ../../inc;
				PRODUCT_NAME = "$(TARGET_NAME)";
			};
			name = Release;
		};
/* End XCBuildConfiguration section */

/* Begin XCConfigurationList section */
		AB7A61EA2147C814003C5833 /* Build configuration list for PBXProject "Avalonia.Native.OSX" */ = {
			isa = XCConfigurationList;
			buildConfigurations = (
				AB7A61F62147C815003C5833 /* Debug */,
				AB7A61F72147C815003C5833 /* Release */,
			);
			defaultConfigurationIsVisible = 0;
			defaultConfigurationName = Release;
		};
		AB7A61F82147C815003C5833 /* Build configuration list for PBXNativeTarget "Avalonia.Native.OSX" */ = {
			isa = XCConfigurationList;
			buildConfigurations = (
				AB7A61F92147C815003C5833 /* Debug */,
				AB7A61FA2147C815003C5833 /* Release */,
			);
			defaultConfigurationIsVisible = 0;
			defaultConfigurationName = Release;
		};
/* End XCConfigurationList section */
	};
	rootObject = AB7A61E72147C814003C5833 /* Project object */;
}
