
Microsoft Visual Studio Solution File, Format Version 12.00
# Visual Studio Version 17
VisualStudioVersion = 17.13.35806.99 d17.13
MinimumVisualStudioVersion = 10.0.40219.1
Project("{FAE04EC0-301F-11D3-BF4B-00C04F79EFBC}") = "DocusaurusExportPlugin", "DocusaurusExportPlugin\DocusaurusExportPlugin.csproj", "{D781894D-0BB0-4DC8-8A4E-5A622BB9386E}"
EndProject
Global
	GlobalSection(SolutionConfigurationPlatforms) = preSolution
		Debug|Any CPU = Debug|Any CPU
		Release|Any CPU = Release|Any CPU
	EndGlobalSection
	GlobalSection(ProjectConfigurationPlatforms) = postSolution
		{D781894D-0BB0-4DC8-8A4E-5A622BB9386E}.Debug|Any CPU.ActiveCfg = Debug|Any CPU
		{D781894D-0BB0-4DC8-8A4E-5A622BB9386E}.Debug|Any CPU.Build.0 = Debug|Any CPU
		{D781894D-0BB0-4DC8-8A4E-5A622BB9386E}.Release|Any CPU.ActiveCfg = Release|Any CPU
		{D781894D-0BB0-4DC8-8A4E-5A622BB9386E}.Release|Any CPU.Build.0 = Release|Any CPU
	EndGlobalSection
	GlobalSection(SolutionProperties) = preSolution
		HideSolutionNode = FALSE
	EndGlobalSection
	GlobalSection(ExtensibilityGlobals) = postSolution
		SolutionGuid = {A3DEFB8A-3924-4EB1-B7CF-C1D911EF0767}
	EndGlobalSection
EndGlobal
