
Microsoft Visual Studio Solution File, Format Version 12.00
# Visual Studio Version 17
VisualStudioVersion = 17.0.31903.59
MinimumVisualStudioVersion = 10.0.40219.1
Project("{9A19103F-16F7-4668-BE54-9A1E7A4F7556}") = "Avalonia.Base", "src\Avalonia.Base\Avalonia.Base.csproj", "{B09B78D8-9B26-48B0-9149-D64A2F120F3F}"
EndProject
Project("{2150E333-8FDC-42A3-9474-1A3956D46DE8}") = "Windows", "Windows", "{B39A8919-9F95-48FE-AD7B-76E08B509888}"
EndProject
Project("{9A19103F-16F7-4668-BE54-9A1E7A4F7556}") = "Avalonia.Win32", "src\Windows\Avalonia.Win32\Avalonia.Win32.csproj", "{811A76CF-1CF6-440F-963B-BBE31BD72A82}"
EndProject
Project("{9A19103F-16F7-4668-BE54-9A1E7A4F7556}") = "Avalonia.Direct2D1", "src\Windows\Avalonia.Direct2D1\Avalonia.Direct2D1.csproj", "{3E908F67-5543-4879-A1DC-08EACE79B3CD}"
EndProject
Project("{9A19103F-16F7-4668-BE54-9A1E7A4F7556}") = "Avalonia.Controls", "src\Avalonia.Controls\Avalonia.Controls.csproj", "{D2221C82-4A25-4583-9B43-D791E3F6820C}"
EndProject
Project("{9A19103F-16F7-4668-BE54-9A1E7A4F7556}") = "Avalonia.Themes.Simple", "src\Avalonia.Themes.Simple\Avalonia.Themes.Simple.csproj", "{3E10A5FA-E8DA-48B1-AD44-6A5B6CB7750F}"
EndProject
Project("{9A19103F-16F7-4668-BE54-9A1E7A4F7556}") = "Avalonia.Diagnostics", "src\Avalonia.Diagnostics\Avalonia.Diagnostics.csproj", "{7062AE20-5DCC-4442-9645-8195BDECE63E}"
EndProject
Project("{2150E333-8FDC-42A3-9474-1A3956D46DE8}") = "Tests", "Tests", "{C5A00AC3-B34C-4564-9BDD-2DA473EF4D8B}"
EndProject
Project("{9A19103F-16F7-4668-BE54-9A1E7A4F7556}") = "Avalonia.Controls.UnitTests", "tests\Avalonia.Controls.UnitTests\Avalonia.Controls.UnitTests.csproj", "{5CCB5571-7C30-4E7D-967D-0E2158EBD91F}"
EndProject
Project("{9A19103F-16F7-4668-BE54-9A1E7A4F7556}") = "Avalonia.Base.UnitTests", "tests\Avalonia.Base.UnitTests\Avalonia.Base.UnitTests.csproj", "{2905FF23-53FB-45E6-AA49-6AF47A172056}"
EndProject
Project("{9A19103F-16F7-4668-BE54-9A1E7A4F7556}") = "Avalonia.Direct2D1.RenderTests", "tests\Avalonia.Direct2D1.RenderTests\Avalonia.Direct2D1.RenderTests.csproj", "{DABFD304-D6A4-4752-8123-C2CCF7AC7831}"
EndProject
Project("{9A19103F-16F7-4668-BE54-9A1E7A4F7556}") = "Avalonia.Direct2D1.UnitTests", "tests\Avalonia.Direct2D1.UnitTests\Avalonia.Direct2D1.UnitTests.csproj", "{EFB11458-9CDF-41C0-BE4F-44AF45A4CAB8}"
EndProject
Project("{9A19103F-16F7-4668-BE54-9A1E7A4F7556}") = "Avalonia.Markup.Xaml.UnitTests", "tests\Avalonia.Markup.Xaml.UnitTests\Avalonia.Markup.Xaml.UnitTests.csproj", "{99135EAB-653D-47E4-A378-C96E1278CA44}"
EndProject
Project("{2150E333-8FDC-42A3-9474-1A3956D46DE8}") = "Markup", "Markup", "{8B6A8209-894F-4BA1-B880-965FD453982C}"
EndProject
Project("{9A19103F-16F7-4668-BE54-9A1E7A4F7556}") = "Avalonia.Markup.Xaml", "src\Markup\Avalonia.Markup.Xaml\Avalonia.Markup.Xaml.csproj", "{3E53A01A-B331-47F3-B828-4A5717E77A24}"
EndProject
Project("{2150E333-8FDC-42A3-9474-1A3956D46DE8}") = "Samples", "Samples", "{9B9E3891-2366-4253-A952-D08BCEB71098}"
EndProject
Project("{2150E333-8FDC-42A3-9474-1A3956D46DE8}") = "Shared", "Shared", "{A689DEF5-D50F-4975-8B72-124C9EB54066}"
	ProjectSection(SolutionItems) = preProject
		.editorconfig = .editorconfig
		src\Shared\IsExternalInit.cs = src\Shared\IsExternalInit.cs
		src\Shared\ModuleInitializer.cs = src\Shared\ModuleInitializer.cs
		src\Shared\NullableAttributes.cs = src\Shared\NullableAttributes.cs
		src\Shared\SourceGeneratorAttributes.cs = src\Shared\SourceGeneratorAttributes.cs
		src\Shared\StringCompatibilityExtensions.cs = src\Shared\StringCompatibilityExtensions.cs
	EndProjectSection
EndProject
Project("{9A19103F-16F7-4668-BE54-9A1E7A4F7556}") = "Avalonia.ReactiveUI", "src\Avalonia.ReactiveUI\Avalonia.ReactiveUI.csproj", "{6417B24E-49C2-4985-8DB2-3AB9D898EC91}"
EndProject
Project("{9A19103F-16F7-4668-BE54-9A1E7A4F7556}") = "Avalonia.Markup", "src\Markup\Avalonia.Markup\Avalonia.Markup.csproj", "{6417E941-21BC-467B-A771-0DE389353CE6}"
EndProject
Project("{9A19103F-16F7-4668-BE54-9A1E7A4F7556}") = "Avalonia.Markup.UnitTests", "tests\Avalonia.Markup.UnitTests\Avalonia.Markup.UnitTests.csproj", "{8EF392D5-1416-45AA-9956-7CBBC3229E8A}"
EndProject
Project("{9A19103F-16F7-4668-BE54-9A1E7A4F7556}") = "BindingDemo", "samples\BindingDemo\BindingDemo.csproj", "{08B3E6B9-1CD5-443C-9F61-6D49D1C5F162}"
EndProject
Project("{2150E333-8FDC-42A3-9474-1A3956D46DE8}") = "Skia", "Skia", "{3743B0F2-CC41-4F14-A8C8-267F579BF91E}"
EndProject
Project("{2150E333-8FDC-42A3-9474-1A3956D46DE8}") = "Android", "Android", "{7CF9789C-F1D3-4D0E-90E5-F1DF67A2753F}"
EndProject
Project("{9A19103F-16F7-4668-BE54-9A1E7A4F7556}") = "Avalonia.Android", "src\Android\Avalonia.Android\Avalonia.Android.csproj", "{7B92AF71-6287-4693-9DCB-BD5B6E927E23}"
EndProject
Project("{2150E333-8FDC-42A3-9474-1A3956D46DE8}") = "iOS", "iOS", "{0CB0B92E-6CFF-4240-80A5-CCAFE75D91E1}"
EndProject
Project("{9A19103F-16F7-4668-BE54-9A1E7A4F7556}") = "Avalonia.iOS", "src\iOS\Avalonia.iOS\Avalonia.iOS.csproj", "{4488AD85-1495-4809-9AA4-DDFE0A48527E}"
EndProject
Project("{9A19103F-16F7-4668-BE54-9A1E7A4F7556}") = "Avalonia.LeakTests", "tests\Avalonia.LeakTests\Avalonia.LeakTests.csproj", "{E1AA3DBF-9056-4530-9376-18119A7A3FFE}"
EndProject
Project("{9A19103F-16F7-4668-BE54-9A1E7A4F7556}") = "Avalonia.UnitTests", "tests\Avalonia.UnitTests\Avalonia.UnitTests.csproj", "{88060192-33D5-4932-B0F9-8BD2763E857D}"
EndProject
Project("{9A19103F-16F7-4668-BE54-9A1E7A4F7556}") = "Avalonia.Benchmarks", "tests\Avalonia.Benchmarks\Avalonia.Benchmarks.csproj", "{410AC439-81A1-4EB5-B5E9-6A7FC6B77F4B}"
EndProject
Project("{9A19103F-16F7-4668-BE54-9A1E7A4F7556}") = "Avalonia.DesignerSupport", "src\Avalonia.DesignerSupport\Avalonia.DesignerSupport.csproj", "{799A7BB5-3C2C-48B6-85A7-406A12C420DA}"
EndProject
Project("{9A19103F-16F7-4668-BE54-9A1E7A4F7556}") = "ControlCatalog", "samples\ControlCatalog\ControlCatalog.csproj", "{D0A739B9-3C68-4BA6-A328-41606954B6BD}"
EndProject
Project("{9A19103F-16F7-4668-BE54-9A1E7A4F7556}") = "ControlCatalog.Desktop", "samples\ControlCatalog.Desktop\ControlCatalog.Desktop.csproj", "{2B888490-D14A-4BCA-AB4B-48676FA93C9B}"
EndProject
Project("{9A19103F-16F7-4668-BE54-9A1E7A4F7556}") = "Avalonia.DesignerSupport.TestApp", "tests\Avalonia.DesignerSupport.TestApp\Avalonia.DesignerSupport.TestApp.csproj", "{F1381F98-4D24-409A-A6C5-1C5B1E08BB08}"
EndProject
Project("{9A19103F-16F7-4668-BE54-9A1E7A4F7556}") = "VirtualizationDemo", "samples\VirtualizationDemo\VirtualizationDemo.csproj", "{FBCAF3D0-2808-4934-8E96-3F607594517B}"
EndProject
Project("{2150E333-8FDC-42A3-9474-1A3956D46DE8}") = "Interop", "Interop", "{A0CC0258-D18C-4AB3-854F-7101680FC3F9}"
EndProject
Project("{9A19103F-16F7-4668-BE54-9A1E7A4F7556}") = "RenderDemo", "samples\RenderDemo\RenderDemo.csproj", "{F1FDC5B0-4654-416F-AE69-E3E9BBD87801}"
EndProject
Project("{9A19103F-16F7-4668-BE54-9A1E7A4F7556}") = "ControlCatalog.Android", "samples\ControlCatalog.Android\ControlCatalog.Android.csproj", "{29132311-1848-4FD6-AE0C-4FF841151BD3}"
EndProject
Project("{9A19103F-16F7-4668-BE54-9A1E7A4F7556}") = "Avalonia.Skia", "src\Skia\Avalonia.Skia\Avalonia.Skia.csproj", "{7D2D3083-71DD-4CC9-8907-39A0D86FB322}"
EndProject
Project("{9A19103F-16F7-4668-BE54-9A1E7A4F7556}") = "ControlCatalog.NetCore", "samples\ControlCatalog.NetCore\ControlCatalog.NetCore.csproj", "{39D7B147-1A5B-47C2-9D01-21FB7C47C4B3}"
EndProject
Project("{2150E333-8FDC-42A3-9474-1A3956D46DE8}") = "Props", "Props", "{F3AC8BC1-27F5-4255-9AFC-04ABFD11683A}"
	ProjectSection(SolutionItems) = preProject
		build\AvaloniaPublicKey.props = build\AvaloniaPublicKey.props
		build\Base.props = build\Base.props
		build\Binding.props = build\Binding.props
		build\CoreLibraries.props = build\CoreLibraries.props
		build\DevAnalyzers.props = build\DevAnalyzers.props
		build\EmbedXaml.props = build\EmbedXaml.props
		build\HarfBuzzSharp.props = build\HarfBuzzSharp.props
		build\ImageSharp.props = build\ImageSharp.props
		build\JetBrains.dotMemoryUnit.props = build\JetBrains.dotMemoryUnit.props
		build\Microsoft.CSharp.props = build\Microsoft.CSharp.props
		build\Microsoft.Reactive.Testing.props = build\Microsoft.Reactive.Testing.props
		build\Moq.props = build\Moq.props
		build\NetAnalyzers.props = build\NetAnalyzers.props
		build\NetCore.props = build\NetCore.props
		build\NetFX.props = build\NetFX.props
		build\NullableEnable.props = build\NullableEnable.props
		build\ReactiveUI.props = build\ReactiveUI.props
		build\ReferenceCoreLibraries.props = build\ReferenceCoreLibraries.props
		build\Rx.props = build\Rx.props
		build\SampleApp.props = build\SampleApp.props
		build\SharedVersion.props = build\SharedVersion.props
		build\SharpDX.props = build\SharpDX.props
		build\SkiaSharp.props = build\SkiaSharp.props
		build\SourceGenerators.props = build\SourceGenerators.props
		build\SourceLink.props = build\SourceLink.props
		build\System.Memory.props = build\System.Memory.props
		build\TrimmingEnable.props = build\TrimmingEnable.props
		build\UnitTests.NetFX.props = build\UnitTests.NetFX.props
		build\XUnit.props = build\XUnit.props
	EndProjectSection
EndProject
Project("{2150E333-8FDC-42A3-9474-1A3956D46DE8}") = "Targets", "Targets", "{4D6FAF79-58B4-482F-9122-0668C346364C}"
	ProjectSection(SolutionItems) = preProject
		build\BuildTargets.targets = build\BuildTargets.targets
		build\LegacyProject.targets = build\LegacyProject.targets
		build\UnitTests.NetCore.targets = build\UnitTests.NetCore.targets
	EndProjectSection
EndProject
Project("{2150E333-8FDC-42A3-9474-1A3956D46DE8}") = "Linux", "Linux", "{86C53C40-57AA-45B8-AD42-FAE0EFDF0F2B}"
EndProject
Project("{9A19103F-16F7-4668-BE54-9A1E7A4F7556}") = "Avalonia.LinuxFramebuffer", "src\Linux\Avalonia.LinuxFramebuffer\Avalonia.LinuxFramebuffer.csproj", "{854568D5-13D1-4B4F-B50D-534DC7EFD3C9}"
EndProject
Project("{9A19103F-16F7-4668-BE54-9A1E7A4F7556}") = "Avalonia.Win32.Interoperability", "src\Windows\Avalonia.Win32.Interoperability\Avalonia.Win32.Interoperability.csproj", "{CBC4FF2F-92D4-420B-BE21-9FE0B930B04E}"
EndProject
Project("{9A19103F-16F7-4668-BE54-9A1E7A4F7556}") = "Avalonia.Skia.RenderTests", "tests\Avalonia.Skia.RenderTests\Avalonia.Skia.RenderTests.csproj", "{E1582370-37B3-403C-917F-8209551B1634}"
EndProject
Project("{9A19103F-16F7-4668-BE54-9A1E7A4F7556}") = "Avalonia.Remote.Protocol", "src\Avalonia.Remote.Protocol\Avalonia.Remote.Protocol.csproj", "{D78A720C-C0C6-478B-8564-F167F9BDD01B}"
EndProject
Project("{9A19103F-16F7-4668-BE54-9A1E7A4F7556}") = "RemoteDemo", "samples\RemoteDemo\RemoteDemo.csproj", "{E2999E4A-9086-401F-898C-AEB0AD38E676}"
EndProject
Project("{2150E333-8FDC-42A3-9474-1A3956D46DE8}") = "Tools", "Tools", "{4ED8B739-6F4E-4CD4-B993-545E6B5CE637}"
EndProject
Project("{9A19103F-16F7-4668-BE54-9A1E7A4F7556}") = "Avalonia.Designer.HostApp", "src\tools\Avalonia.Designer.HostApp\Avalonia.Designer.HostApp.csproj", "{050CC912-FF49-4A8B-B534-9544017446DD}"
EndProject
Project("{9A19103F-16F7-4668-BE54-9A1E7A4F7556}") = "Previewer", "samples\Previewer\Previewer.csproj", "{F40FC0A2-1BC3-401C-BFC1-928EC4D4A9CE}"
EndProject
Project("{9A19103F-16F7-4668-BE54-9A1E7A4F7556}") = "Avalonia.Skia.UnitTests", "tests\Avalonia.Skia.UnitTests\Avalonia.Skia.UnitTests.csproj", "{E1240B49-7B4B-4371-A00E-068778C5CF0B}"
EndProject
Project("{9A19103F-16F7-4668-BE54-9A1E7A4F7556}") = "Avalonia.OpenGL", "src\Avalonia.OpenGL\Avalonia.OpenGL.csproj", "{7CCAEFC4-135D-401D-BDDD-896B9B7D3569}"
EndProject
Project("{9A19103F-16F7-4668-BE54-9A1E7A4F7556}") = "Avalonia.Native", "src\Avalonia.Native\Avalonia.Native.csproj", "{12A91A62-C064-42CA-9A8C-A1272F354388}"
EndProject
Project("{2150E333-8FDC-42A3-9474-1A3956D46DE8}") = "Packages", "Packages", "{E870DCD7-F46A-498D-83FC-D0FD13E0A11C}"
EndProject
Project("{9A19103F-16F7-4668-BE54-9A1E7A4F7556}") = "Avalonia", "packages\Avalonia\Avalonia.csproj", "{D49233F8-F29C-47DD-9975-C4C9E4502720}"
EndProject
Project("{9A19103F-16F7-4668-BE54-9A1E7A4F7556}") = "Avalonia.Desktop", "src\Avalonia.Desktop\Avalonia.Desktop.csproj", "{3C471044-3640-45E3-B1B2-16D2FF8399EE}"
EndProject
Project("{9A19103F-16F7-4668-BE54-9A1E7A4F7556}") = "Avalonia.Build.Tasks", "src\Avalonia.Build.Tasks\Avalonia.Build.Tasks.csproj", "{BF28998D-072C-439A-AFBB-2FE5021241E0}"
EndProject
Project("{9A19103F-16F7-4668-BE54-9A1E7A4F7556}") = "_build", "nukebuild\_build.csproj", "{3F00BC43-5095-477F-93D8-E65B08179A00}"
EndProject
Project("{9A19103F-16F7-4668-BE54-9A1E7A4F7556}") = "Avalonia.X11", "src\Avalonia.X11\Avalonia.X11.csproj", "{41B02319-965D-4945-8005-C1A3D1224165}"
EndProject
Project("{9A19103F-16F7-4668-BE54-9A1E7A4F7556}") = "PlatformSanityChecks", "samples\PlatformSanityChecks\PlatformSanityChecks.csproj", "{D775DECB-4E00-4ED5-A75A-5FCE58ADFF0B}"
EndProject
Project("{9A19103F-16F7-4668-BE54-9A1E7A4F7556}") = "Avalonia.ReactiveUI.UnitTests", "tests\Avalonia.ReactiveUI.UnitTests\Avalonia.ReactiveUI.UnitTests.csproj", "{AF915D5C-AB00-4EA0-B5E6-001F4AE84E68}"
EndProject
Project("{9A19103F-16F7-4668-BE54-9A1E7A4F7556}") = "Avalonia.Controls.DataGrid", "src\Avalonia.Controls.DataGrid\Avalonia.Controls.DataGrid.csproj", "{3278F3A9-9509-4A3F-A15B-BDC8B5BFF632}"
EndProject
Project("{9A19103F-16F7-4668-BE54-9A1E7A4F7556}") = "Avalonia.Dialogs", "src\Avalonia.Dialogs\Avalonia.Dialogs.csproj", "{4D55985A-1EE2-4F25-AD39-6EA8BC04F8FB}"
EndProject
Project("{9A19103F-16F7-4668-BE54-9A1E7A4F7556}") = "Avalonia.FreeDesktop", "src\Avalonia.FreeDesktop\Avalonia.FreeDesktop.csproj", "{4D36CEC8-53F2-40A5-9A37-79AAE356E2DA}"
EndProject
Project("{9A19103F-16F7-4668-BE54-9A1E7A4F7556}") = "Avalonia.Controls.DataGrid.UnitTests", "tests\Avalonia.Controls.DataGrid.UnitTests\Avalonia.Controls.DataGrid.UnitTests.csproj", "{351337F5-D66F-461B-A957-4EF60BDB4BA6}"
EndProject
Project("{9A19103F-16F7-4668-BE54-9A1E7A4F7556}") = "Avalonia.Themes.Fluent", "src\Avalonia.Themes.Fluent\Avalonia.Themes.Fluent.csproj", "{C42D2FC1-A531-4ED4-84B9-89AEC7C962FC}"
EndProject
Project("{9A19103F-16F7-4668-BE54-9A1E7A4F7556}") = "Avalonia.Headless", "src\Headless\Avalonia.Headless\Avalonia.Headless.csproj", "{8C89950F-F5D9-47FC-8066-CBC1EC3DF8FC}"
EndProject
Project("{9A19103F-16F7-4668-BE54-9A1E7A4F7556}") = "Avalonia.Headless.Vnc", "src\Headless\Avalonia.Headless.Vnc\Avalonia.Headless.Vnc.csproj", "{B859AE7C-F34F-4A9E-88AE-E0E7229FDE1E}"
EndProject
Project("{9A19103F-16F7-4668-BE54-9A1E7A4F7556}") = "Avalonia.Markup.Xaml.Loader", "src\Markup\Avalonia.Markup.Xaml.Loader\Avalonia.Markup.Xaml.Loader.csproj", "{909A8CBD-7D0E-42FD-B841-022AD8925820}"
EndProject
Project("{9A19103F-16F7-4668-BE54-9A1E7A4F7556}") = "Sandbox", "samples\Sandbox\Sandbox.csproj", "{11BE52AF-E2DD-4CF0-B19A-05285ACAF571}"
EndProject
Project("{9A19103F-16F7-4668-BE54-9A1E7A4F7556}") = "Avalonia.MicroCom", "src\Avalonia.MicroCom\Avalonia.MicroCom.csproj", "{FE2F3E5E-1E34-4972-8DC1-5C2C588E5ECE}"
EndProject
Project("{9A19103F-16F7-4668-BE54-9A1E7A4F7556}") = "MiniMvvm", "samples\MiniMvvm\MiniMvvm.csproj", "{BC594FD5-4AF2-409E-A1E6-04123F54D7C5}"
EndProject
Project("{9A19103F-16F7-4668-BE54-9A1E7A4F7556}") = "IntegrationTestApp", "samples\IntegrationTestApp\IntegrationTestApp.csproj", "{676D6BFD-029D-4E43-BFC7-3892265CE251}"
EndProject
Project("{9A19103F-16F7-4668-BE54-9A1E7A4F7556}") = "Avalonia.IntegrationTests.Appium", "tests\Avalonia.IntegrationTests.Appium\Avalonia.IntegrationTests.Appium.csproj", "{F2CE566B-E7F6-447A-AB1A-3F574A6FE43A}"
EndProject
Project("{2150E333-8FDC-42A3-9474-1A3956D46DE8}") = "Browser", "Browser", "{86A3F706-DC3C-43C6-BE1B-B98F5BAAA268}"
EndProject
Project("{9A19103F-16F7-4668-BE54-9A1E7A4F7556}") = "WindowsInteropTest", "samples\interop\WindowsInteropTest\WindowsInteropTest.csproj", "{26A98DA1-D89D-4A95-8152-349F404DA2E2}"
EndProject
Project("{9A19103F-16F7-4668-BE54-9A1E7A4F7556}") = "ControlSamples", "samples\SampleControls\ControlSamples.csproj", "{A0D0A6A4-5C72-4ADA-9B27-621C7D94F270}"
EndProject
Project("{9A19103F-16F7-4668-BE54-9A1E7A4F7556}") = "ControlCatalog.iOS", "samples\ControlCatalog.iOS\ControlCatalog.iOS.csproj", "{70B9F5CC-E2F9-4314-9514-EDE762ACCC4B}"
EndProject
Project("{9A19103F-16F7-4668-BE54-9A1E7A4F7556}") = "DevAnalyzers", "src\tools\DevAnalyzers\DevAnalyzers.csproj", "{2B390431-288C-435C-BB6B-A374033BD8D1}"
EndProject
Project("{9A19103F-16F7-4668-BE54-9A1E7A4F7556}") = "Avalonia.Controls.ColorPicker", "src\Avalonia.Controls.ColorPicker\Avalonia.Controls.ColorPicker.csproj", "{7BF6C69D-FC14-43EB-9ED0-782C16F3D5D9}"
EndProject
Project("{9A19103F-16F7-4668-BE54-9A1E7A4F7556}") = "Avalonia.DesignerSupport.Tests", "tests\Avalonia.DesignerSupport.Tests\Avalonia.DesignerSupport.Tests.csproj", "{EABE2161-989B-42BF-BD8D-1E34B20C21F1}"
EndProject
Project("{9A19103F-16F7-4668-BE54-9A1E7A4F7556}") = "DevGenerators", "src\tools\DevGenerators\DevGenerators.csproj", "{1BBFAD42-B99E-47E0-B00A-A4BC6B6BB4BB}"
EndProject
Project("{9A19103F-16F7-4668-BE54-9A1E7A4F7556}") = "MobileSandbox", "samples\MobileSandbox\MobileSandbox.csproj", "{3B8519C1-2F51-4F12-A348-120AB91D4532}"
EndProject
Project("{9A19103F-16F7-4668-BE54-9A1E7A4F7556}") = "MobileSandbox.Android", "samples\MobileSandbox.Android\MobileSandbox.Android.csproj", "{C90FE60B-B01E-4F35-91D6-379D6966030F}"
EndProject
Project("{9A19103F-16F7-4668-BE54-9A1E7A4F7556}") = "MobileSandbox.iOS", "samples\MobileSandbox.iOS\MobileSandbox.iOS.csproj", "{FED9A71D-00D7-4F40-A9E4-1229EEA28EEB}"
EndProject
Project("{9A19103F-16F7-4668-BE54-9A1E7A4F7556}") = "MobileSandbox.Desktop", "samples\MobileSandbox.Desktop\MobileSandbox.Desktop.csproj", "{62D392C9-81CF-487F-92E8-598B2AF3FDCE}"
EndProject
Project("{9A19103F-16F7-4668-BE54-9A1E7A4F7556}") = "Avalonia.Browser", "src\Browser\Avalonia.Browser\Avalonia.Browser.csproj", "{4A39637C-9338-4925-A4DB-D072E292EC78}"
EndProject
Project("{9A19103F-16F7-4668-BE54-9A1E7A4F7556}") = "Avalonia.Browser.Blazor", "src\Browser\Avalonia.Browser.Blazor\Avalonia.Browser.Blazor.csproj", "{47F8530C-F19B-4B1A-B4D6-EB231522AE5D}"
EndProject
Project("{9A19103F-16F7-4668-BE54-9A1E7A4F7556}") = "ControlCatalog.Browser", "samples\ControlCatalog.Browser\ControlCatalog.Browser.csproj", "{15B93A4C-1B46-43F6-B534-7B25B6E99932}"
EndProject
Project("{9A19103F-16F7-4668-BE54-9A1E7A4F7556}") = "ControlCatalog.Browser.Blazor", "samples\ControlCatalog.Browser.Blazor\ControlCatalog.Browser.Blazor.csproj", "{90B08091-9BBD-4362-B712-E9F2CC62B218}"
EndProject
Project("{9A19103F-16F7-4668-BE54-9A1E7A4F7556}") = "ReactiveUIDemo", "samples\ReactiveUIDemo\ReactiveUIDemo.csproj", "{75C47156-C5D8-44BC-A5A7-E8657C2248D6}"
EndProject
Project("{9A19103F-16F7-4668-BE54-9A1E7A4F7556}") = "GpuInterop", "samples\GpuInterop\GpuInterop.csproj", "{C810060E-3809-4B74-A125-F11533AF9C1B}"
EndProject
Project("{9A19103F-16F7-4668-BE54-9A1E7A4F7556}") = "Avalonia.Analyzers", "src\tools\Avalonia.Analyzers\Avalonia.Analyzers.csproj", "{C692FE73-43DB-49CE-87FC-F03ED61F25C9}"
EndProject
Project("{2150E333-8FDC-42A3-9474-1A3956D46DE8}") = "Solution Items", "Solution Items", "{176582E8-46AF-416A-85C1-13A5C6744497}"
	ProjectSection(SolutionItems) = preProject
		.editorconfig = .editorconfig
		azure-pipelines.yml = azure-pipelines.yml
		azure-pipelines-integrationtests.yml = azure-pipelines-integrationtests.yml
		CODE_OF_CONDUCT.md = CODE_OF_CONDUCT.md
		CONTRIBUTING.md = CONTRIBUTING.md
		Directory.Build.props = Directory.Build.props
		Directory.Build.targets = Directory.Build.targets
		dirs.proj = dirs.proj
		global.json = global.json
		licence.md = licence.md
		NOTICE.md = NOTICE.md
		NuGet.Config = NuGet.Config
		readme.md = readme.md
		Settings.StyleCop = Settings.StyleCop
	EndProjectSection
EndProject
Project("{9A19103F-16F7-4668-BE54-9A1E7A4F7556}") = "Avalonia.Controls.ItemsRepeater", "src\Avalonia.Controls.ItemsRepeater\Avalonia.Controls.ItemsRepeater.csproj", "{EE0F0DD4-A70D-472B-BD5D-B7D32D0E9386}"
EndProject
Project("{9A19103F-16F7-4668-BE54-9A1E7A4F7556}") = "Avalonia.Controls.ItemsRepeater.UnitTests", "tests\Avalonia.Controls.ItemsRepeater.UnitTests\Avalonia.Controls.ItemsRepeater.UnitTests.csproj", "{F4E36AA8-814E-4704-BC07-291F70F45193}"
EndProject
Project("{9A19103F-16F7-4668-BE54-9A1E7A4F7556}") = "Avalonia.Generators", "src\tools\Avalonia.Generators\Avalonia.Generators.csproj", "{DDA28789-C21A-4654-86CE-D01E81F095C5}"
EndProject
Project("{9A19103F-16F7-4668-BE54-9A1E7A4F7556}") = "Avalonia.Fonts.Inter", "src\Avalonia.Fonts.Inter\Avalonia.Fonts.Inter.csproj", "{13F1135D-BA1A-435C-9C5B-A368D1D63DE4}"
EndProject
Project("{9A19103F-16F7-4668-BE54-9A1E7A4F7556}") = "Generators.Sandbox", "samples\Generators.Sandbox\Generators.Sandbox.csproj", "{A82AD1BC-EBE6-4FC3-A13B-D52A50297533}"
EndProject
Project("{9A19103F-16F7-4668-BE54-9A1E7A4F7556}") = "AppWithoutLifetime", "samples\AppWithoutLifetime\AppWithoutLifetime.csproj", "{F8928267-688E-4A51-989C-612A72446D33}"
EndProject
Project("{9A19103F-16F7-4668-BE54-9A1E7A4F7556}") = "SafeAreaDemo", "samples\SafeAreaDemo\SafeAreaDemo.csproj", "{6B60A970-D5D2-49C2-8BAB-F9C7973B74B6}"
EndProject
Project("{9A19103F-16F7-4668-BE54-9A1E7A4F7556}") = "SafeAreaDemo.Android", "samples\SafeAreaDemo.Android\SafeAreaDemo.Android.csproj", "{22E3BC08-EAF7-4889-BDC4-B4D3046C4E2D}"
EndProject
Project("{9A19103F-16F7-4668-BE54-9A1E7A4F7556}") = "SafeAreaDemo.Desktop", "samples\SafeAreaDemo.Desktop\SafeAreaDemo.Desktop.csproj", "{4CDAD037-34A2-4CCF-A03A-C6C7B988A572}"
EndProject
Project("{9A19103F-16F7-4668-BE54-9A1E7A4F7556}") = "SafeAreaDemo.iOS", "samples\SafeAreaDemo.iOS\SafeAreaDemo.iOS.csproj", "{FC956F9A-4C3A-4A1A-ACDD-BB54DCB661DD}"
EndProject
Project("{2150E333-8FDC-42A3-9474-1A3956D46DE8}") = "Headless", "Headless", "{FF237916-7150-496B-89ED-6CA3292896E7}"
EndProject
Project("{9A19103F-16F7-4668-BE54-9A1E7A4F7556}") = "Avalonia.Headless.XUnit", "src\Headless\Avalonia.Headless.XUnit\Avalonia.Headless.XUnit.csproj", "{F47F8316-4D4B-4026-8EF3-16B2CFDA8119}"
EndProject
Project("{9A19103F-16F7-4668-BE54-9A1E7A4F7556}") = "Avalonia.Headless.NUnit", "src\Headless\Avalonia.Headless.NUnit\Avalonia.Headless.NUnit.csproj", "{ED976634-B118-43F8-8B26-0279C7A7044F}"
EndProject
Project("{9A19103F-16F7-4668-BE54-9A1E7A4F7556}") = "Avalonia.Generators.Tests", "tests\Avalonia.Generators.Tests\Avalonia.Generators.Tests.csproj", "{4B8EBBEB-A1AD-49EC-8B69-B93ED15BFA64}"
EndProject
Project("{9A19103F-16F7-4668-BE54-9A1E7A4F7556}") = "Avalonia.Headless.NUnit.UnitTests", "tests\Avalonia.Headless.NUnit.UnitTests\Avalonia.Headless.NUnit.UnitTests.csproj", "{2999D79E-3C20-4A90-B651-CA7E0AC92D35}"
EndProject
Project("{9A19103F-16F7-4668-BE54-9A1E7A4F7556}") = "Avalonia.Headless.XUnit.UnitTests", "tests\Avalonia.Headless.XUnit.UnitTests\Avalonia.Headless.XUnit.UnitTests.csproj", "{F83FC908-A4E3-40DE-B4CF-A4BA1E92CDB3}"
EndProject
Project("{9A19103F-16F7-4668-BE54-9A1E7A4F7556}") = "MobileSandbox.Browser", "samples\MobileSandbox.Browser\MobileSandbox.Browser.csproj", "{43FCC14E-EEBE-44B3-BCBC-F1C537EECBF8}"
EndProject
Project("{2150E333-8FDC-42A3-9474-1A3956D46DE8}") = "Tizen", "Tizen", "{D1300000-7217-4693-8B0F-57CBD5814302}"
EndProject
Project("{9A19103F-16F7-4668-BE54-9A1E7A4F7556}") = "Avalonia.Tizen", "src\Tizen\Avalonia.Tizen\Avalonia.Tizen.csproj", "{DFFBDBF5-5DBE-47ED-9EAE-D40B75AC99E8}"
EndProject
Project("{FAE04EC0-301F-11D3-BF4B-00C04F79EFBC}") = "ControlCatalog.Tizen", "samples\ControlCatalog.Tizen\ControlCatalog.Tizen.csproj", "{A0B29221-2B6F-4B29-A4D5-2227811B5915}"
EndProject
Project("{9A19103F-16F7-4668-BE54-9A1E7A4F7556}") = "Avalonia.Metal", "src\Avalonia.Metal\Avalonia.Metal.csproj", "{60B4ED1F-ECFA-453B-8A70-1788261C8355}"
EndProject
Project("{FAE04EC0-301F-11D3-BF4B-00C04F79EFBC}") = "Avalonia.Build.Tasks.UnitTest", "tests\Avalonia.Build.Tasks.UnitTest\Avalonia.Build.Tasks.UnitTest.csproj", "{B0FD6A48-FBAB-4676-B36A-DE76B0922B12}"
EndProject
Project("{2150E333-8FDC-42A3-9474-1A3956D46DE8}") = "TestFiles", "TestFiles", "{9D6AEF22-221F-4F4B-B335-A4BA510F002C}"
EndProject
Project("{2150E333-8FDC-42A3-9474-1A3956D46DE8}") = "BuildTasks", "BuildTasks", "{5BF0C3B8-E595-4940-AB30-2DA206C2F085}"
EndProject
Project("{FAE04EC0-301F-11D3-BF4B-00C04F79EFBC}") = "PInvoke", "tests\TestFiles\BuildTasks\PInvoke\PInvoke.csproj", "{0A948D71-99C5-43E9-BACB-B0BA59EA25B4}"
EndProject
Project("{FAE04EC0-301F-11D3-BF4B-00C04F79EFBC}") = "Tmds.DBus.SourceGenerator", "external\Tmds.DBus.SourceGenerator\Tmds.DBus.SourceGenerator\Tmds.DBus.SourceGenerator.csproj", "{068247A8-21E8-40D2-83CF-8758410FACAD}"
EndProject
Global
	GlobalSection(SolutionConfigurationPlatforms) = preSolution
		Debug|Any CPU = Debug|Any CPU
		Release|Any CPU = Release|Any CPU
	EndGlobalSection
	GlobalSection(ProjectConfigurationPlatforms) = postSolution
		{B09B78D8-9B26-48B0-9149-D64A2F120F3F}.Debug|Any CPU.ActiveCfg = Debug|Any CPU
		{B09B78D8-9B26-48B0-9149-D64A2F120F3F}.Debug|Any CPU.Build.0 = Debug|Any CPU
		{B09B78D8-9B26-48B0-9149-D64A2F120F3F}.Release|Any CPU.ActiveCfg = Release|Any CPU
		{B09B78D8-9B26-48B0-9149-D64A2F120F3F}.Release|Any CPU.Build.0 = Release|Any CPU
		{811A76CF-1CF6-440F-963B-BBE31BD72A82}.Debug|Any CPU.ActiveCfg = Debug|Any CPU
		{811A76CF-1CF6-440F-963B-BBE31BD72A82}.Debug|Any CPU.Build.0 = Debug|Any CPU
		{811A76CF-1CF6-440F-963B-BBE31BD72A82}.Release|Any CPU.ActiveCfg = Release|Any CPU
		{811A76CF-1CF6-440F-963B-BBE31BD72A82}.Release|Any CPU.Build.0 = Release|Any CPU
		{3E908F67-5543-4879-A1DC-08EACE79B3CD}.Debug|Any CPU.ActiveCfg = Debug|Any CPU
		{3E908F67-5543-4879-A1DC-08EACE79B3CD}.Debug|Any CPU.Build.0 = Debug|Any CPU
		{3E908F67-5543-4879-A1DC-08EACE79B3CD}.Release|Any CPU.ActiveCfg = Release|Any CPU
		{3E908F67-5543-4879-A1DC-08EACE79B3CD}.Release|Any CPU.Build.0 = Release|Any CPU
		{D2221C82-4A25-4583-9B43-D791E3F6820C}.Debug|Any CPU.ActiveCfg = Debug|Any CPU
		{D2221C82-4A25-4583-9B43-D791E3F6820C}.Debug|Any CPU.Build.0 = Debug|Any CPU
		{D2221C82-4A25-4583-9B43-D791E3F6820C}.Release|Any CPU.ActiveCfg = Release|Any CPU
		{D2221C82-4A25-4583-9B43-D791E3F6820C}.Release|Any CPU.Build.0 = Release|Any CPU
		{3E10A5FA-E8DA-48B1-AD44-6A5B6CB7750F}.Debug|Any CPU.ActiveCfg = Debug|Any CPU
		{3E10A5FA-E8DA-48B1-AD44-6A5B6CB7750F}.Debug|Any CPU.Build.0 = Debug|Any CPU
		{3E10A5FA-E8DA-48B1-AD44-6A5B6CB7750F}.Release|Any CPU.ActiveCfg = Release|Any CPU
		{3E10A5FA-E8DA-48B1-AD44-6A5B6CB7750F}.Release|Any CPU.Build.0 = Release|Any CPU
		{7062AE20-5DCC-4442-9645-8195BDECE63E}.Debug|Any CPU.ActiveCfg = Debug|Any CPU
		{7062AE20-5DCC-4442-9645-8195BDECE63E}.Debug|Any CPU.Build.0 = Debug|Any CPU
		{7062AE20-5DCC-4442-9645-8195BDECE63E}.Release|Any CPU.ActiveCfg = Release|Any CPU
		{7062AE20-5DCC-4442-9645-8195BDECE63E}.Release|Any CPU.Build.0 = Release|Any CPU
		{5CCB5571-7C30-4E7D-967D-0E2158EBD91F}.Debug|Any CPU.ActiveCfg = Debug|Any CPU
		{5CCB5571-7C30-4E7D-967D-0E2158EBD91F}.Debug|Any CPU.Build.0 = Debug|Any CPU
		{5CCB5571-7C30-4E7D-967D-0E2158EBD91F}.Release|Any CPU.ActiveCfg = Release|Any CPU
		{5CCB5571-7C30-4E7D-967D-0E2158EBD91F}.Release|Any CPU.Build.0 = Release|Any CPU
		{2905FF23-53FB-45E6-AA49-6AF47A172056}.Debug|Any CPU.ActiveCfg = Debug|Any CPU
		{2905FF23-53FB-45E6-AA49-6AF47A172056}.Debug|Any CPU.Build.0 = Debug|Any CPU
		{2905FF23-53FB-45E6-AA49-6AF47A172056}.Release|Any CPU.ActiveCfg = Release|Any CPU
		{2905FF23-53FB-45E6-AA49-6AF47A172056}.Release|Any CPU.Build.0 = Release|Any CPU
		{DABFD304-D6A4-4752-8123-C2CCF7AC7831}.Debug|Any CPU.ActiveCfg = Debug|Any CPU
		{DABFD304-D6A4-4752-8123-C2CCF7AC7831}.Debug|Any CPU.Build.0 = Debug|Any CPU
		{DABFD304-D6A4-4752-8123-C2CCF7AC7831}.Release|Any CPU.ActiveCfg = Release|Any CPU
		{DABFD304-D6A4-4752-8123-C2CCF7AC7831}.Release|Any CPU.Build.0 = Release|Any CPU
		{EFB11458-9CDF-41C0-BE4F-44AF45A4CAB8}.Debug|Any CPU.ActiveCfg = Debug|Any CPU
		{EFB11458-9CDF-41C0-BE4F-44AF45A4CAB8}.Debug|Any CPU.Build.0 = Debug|Any CPU
		{EFB11458-9CDF-41C0-BE4F-44AF45A4CAB8}.Release|Any CPU.ActiveCfg = Release|Any CPU
		{EFB11458-9CDF-41C0-BE4F-44AF45A4CAB8}.Release|Any CPU.Build.0 = Release|Any CPU
		{99135EAB-653D-47E4-A378-C96E1278CA44}.Debug|Any CPU.ActiveCfg = Debug|Any CPU
		{99135EAB-653D-47E4-A378-C96E1278CA44}.Debug|Any CPU.Build.0 = Debug|Any CPU
		{99135EAB-653D-47E4-A378-C96E1278CA44}.Release|Any CPU.ActiveCfg = Release|Any CPU
		{99135EAB-653D-47E4-A378-C96E1278CA44}.Release|Any CPU.Build.0 = Release|Any CPU
		{3E53A01A-B331-47F3-B828-4A5717E77A24}.Debug|Any CPU.ActiveCfg = Debug|Any CPU
		{3E53A01A-B331-47F3-B828-4A5717E77A24}.Debug|Any CPU.Build.0 = Debug|Any CPU
		{3E53A01A-B331-47F3-B828-4A5717E77A24}.Release|Any CPU.ActiveCfg = Release|Any CPU
		{3E53A01A-B331-47F3-B828-4A5717E77A24}.Release|Any CPU.Build.0 = Release|Any CPU
		{6417B24E-49C2-4985-8DB2-3AB9D898EC91}.Debug|Any CPU.ActiveCfg = Debug|Any CPU
		{6417B24E-49C2-4985-8DB2-3AB9D898EC91}.Debug|Any CPU.Build.0 = Debug|Any CPU
		{6417B24E-49C2-4985-8DB2-3AB9D898EC91}.Release|Any CPU.ActiveCfg = Release|Any CPU
		{6417B24E-49C2-4985-8DB2-3AB9D898EC91}.Release|Any CPU.Build.0 = Release|Any CPU
		{6417E941-21BC-467B-A771-0DE389353CE6}.Debug|Any CPU.ActiveCfg = Debug|Any CPU
		{6417E941-21BC-467B-A771-0DE389353CE6}.Debug|Any CPU.Build.0 = Debug|Any CPU
		{6417E941-21BC-467B-A771-0DE389353CE6}.Release|Any CPU.ActiveCfg = Release|Any CPU
		{6417E941-21BC-467B-A771-0DE389353CE6}.Release|Any CPU.Build.0 = Release|Any CPU
		{8EF392D5-1416-45AA-9956-7CBBC3229E8A}.Debug|Any CPU.ActiveCfg = Debug|Any CPU
		{8EF392D5-1416-45AA-9956-7CBBC3229E8A}.Debug|Any CPU.Build.0 = Debug|Any CPU
		{8EF392D5-1416-45AA-9956-7CBBC3229E8A}.Release|Any CPU.ActiveCfg = Release|Any CPU
		{8EF392D5-1416-45AA-9956-7CBBC3229E8A}.Release|Any CPU.Build.0 = Release|Any CPU
		{08B3E6B9-1CD5-443C-9F61-6D49D1C5F162}.Debug|Any CPU.ActiveCfg = Debug|Any CPU
		{08B3E6B9-1CD5-443C-9F61-6D49D1C5F162}.Debug|Any CPU.Build.0 = Debug|Any CPU
		{08B3E6B9-1CD5-443C-9F61-6D49D1C5F162}.Release|Any CPU.ActiveCfg = Release|Any CPU
		{08B3E6B9-1CD5-443C-9F61-6D49D1C5F162}.Release|Any CPU.Build.0 = Release|Any CPU
		{7B92AF71-6287-4693-9DCB-BD5B6E927E23}.Debug|Any CPU.ActiveCfg = Debug|Any CPU
		{7B92AF71-6287-4693-9DCB-BD5B6E927E23}.Debug|Any CPU.Build.0 = Debug|Any CPU
		{7B92AF71-6287-4693-9DCB-BD5B6E927E23}.Release|Any CPU.ActiveCfg = Release|Any CPU
		{7B92AF71-6287-4693-9DCB-BD5B6E927E23}.Release|Any CPU.Build.0 = Release|Any CPU
		{4488AD85-1495-4809-9AA4-DDFE0A48527E}.Debug|Any CPU.ActiveCfg = Debug|Any CPU
		{4488AD85-1495-4809-9AA4-DDFE0A48527E}.Debug|Any CPU.Build.0 = Debug|Any CPU
		{4488AD85-1495-4809-9AA4-DDFE0A48527E}.Release|Any CPU.ActiveCfg = Release|Any CPU
		{4488AD85-1495-4809-9AA4-DDFE0A48527E}.Release|Any CPU.Build.0 = Release|Any CPU
		{E1AA3DBF-9056-4530-9376-18119A7A3FFE}.Debug|Any CPU.ActiveCfg = Debug|Any CPU
		{E1AA3DBF-9056-4530-9376-18119A7A3FFE}.Debug|Any CPU.Build.0 = Debug|Any CPU
		{E1AA3DBF-9056-4530-9376-18119A7A3FFE}.Release|Any CPU.ActiveCfg = Release|Any CPU
		{E1AA3DBF-9056-4530-9376-18119A7A3FFE}.Release|Any CPU.Build.0 = Release|Any CPU
		{88060192-33D5-4932-B0F9-8BD2763E857D}.Debug|Any CPU.ActiveCfg = Debug|Any CPU
		{88060192-33D5-4932-B0F9-8BD2763E857D}.Debug|Any CPU.Build.0 = Debug|Any CPU
		{88060192-33D5-4932-B0F9-8BD2763E857D}.Release|Any CPU.ActiveCfg = Release|Any CPU
		{88060192-33D5-4932-B0F9-8BD2763E857D}.Release|Any CPU.Build.0 = Release|Any CPU
		{410AC439-81A1-4EB5-B5E9-6A7FC6B77F4B}.Debug|Any CPU.ActiveCfg = Debug|Any CPU
		{410AC439-81A1-4EB5-B5E9-6A7FC6B77F4B}.Debug|Any CPU.Build.0 = Debug|Any CPU
		{410AC439-81A1-4EB5-B5E9-6A7FC6B77F4B}.Release|Any CPU.ActiveCfg = Release|Any CPU
		{410AC439-81A1-4EB5-B5E9-6A7FC6B77F4B}.Release|Any CPU.Build.0 = Release|Any CPU
		{799A7BB5-3C2C-48B6-85A7-406A12C420DA}.Debug|Any CPU.ActiveCfg = Debug|Any CPU
		{799A7BB5-3C2C-48B6-85A7-406A12C420DA}.Debug|Any CPU.Build.0 = Debug|Any CPU
		{799A7BB5-3C2C-48B6-85A7-406A12C420DA}.Release|Any CPU.ActiveCfg = Release|Any CPU
		{799A7BB5-3C2C-48B6-85A7-406A12C420DA}.Release|Any CPU.Build.0 = Release|Any CPU
		{D0A739B9-3C68-4BA6-A328-41606954B6BD}.Debug|Any CPU.ActiveCfg = Debug|Any CPU
		{D0A739B9-3C68-4BA6-A328-41606954B6BD}.Debug|Any CPU.Build.0 = Debug|Any CPU
		{D0A739B9-3C68-4BA6-A328-41606954B6BD}.Release|Any CPU.ActiveCfg = Release|Any CPU
		{D0A739B9-3C68-4BA6-A328-41606954B6BD}.Release|Any CPU.Build.0 = Release|Any CPU
		{2B888490-D14A-4BCA-AB4B-48676FA93C9B}.Debug|Any CPU.ActiveCfg = Debug|Any CPU
		{2B888490-D14A-4BCA-AB4B-48676FA93C9B}.Debug|Any CPU.Build.0 = Debug|Any CPU
		{2B888490-D14A-4BCA-AB4B-48676FA93C9B}.Release|Any CPU.ActiveCfg = Release|Any CPU
		{2B888490-D14A-4BCA-AB4B-48676FA93C9B}.Release|Any CPU.Build.0 = Release|Any CPU
		{F1381F98-4D24-409A-A6C5-1C5B1E08BB08}.Debug|Any CPU.ActiveCfg = Debug|Any CPU
		{F1381F98-4D24-409A-A6C5-1C5B1E08BB08}.Debug|Any CPU.Build.0 = Debug|Any CPU
		{F1381F98-4D24-409A-A6C5-1C5B1E08BB08}.Release|Any CPU.ActiveCfg = Release|Any CPU
		{F1381F98-4D24-409A-A6C5-1C5B1E08BB08}.Release|Any CPU.Build.0 = Release|Any CPU
		{FBCAF3D0-2808-4934-8E96-3F607594517B}.Debug|Any CPU.ActiveCfg = Debug|Any CPU
		{FBCAF3D0-2808-4934-8E96-3F607594517B}.Debug|Any CPU.Build.0 = Debug|Any CPU
		{FBCAF3D0-2808-4934-8E96-3F607594517B}.Release|Any CPU.ActiveCfg = Release|Any CPU
		{FBCAF3D0-2808-4934-8E96-3F607594517B}.Release|Any CPU.Build.0 = Release|Any CPU
		{F1FDC5B0-4654-416F-AE69-E3E9BBD87801}.Debug|Any CPU.ActiveCfg = Debug|Any CPU
		{F1FDC5B0-4654-416F-AE69-E3E9BBD87801}.Debug|Any CPU.Build.0 = Debug|Any CPU
		{F1FDC5B0-4654-416F-AE69-E3E9BBD87801}.Release|Any CPU.ActiveCfg = Release|Any CPU
		{F1FDC5B0-4654-416F-AE69-E3E9BBD87801}.Release|Any CPU.Build.0 = Release|Any CPU
		{29132311-1848-4FD6-AE0C-4FF841151BD3}.Debug|Any CPU.ActiveCfg = Debug|Any CPU
		{29132311-1848-4FD6-AE0C-4FF841151BD3}.Debug|Any CPU.Build.0 = Debug|Any CPU
		{29132311-1848-4FD6-AE0C-4FF841151BD3}.Debug|Any CPU.Deploy.0 = Debug|Any CPU
		{29132311-1848-4FD6-AE0C-4FF841151BD3}.Release|Any CPU.ActiveCfg = Release|Any CPU
		{29132311-1848-4FD6-AE0C-4FF841151BD3}.Release|Any CPU.Build.0 = Release|Any CPU
		{29132311-1848-4FD6-AE0C-4FF841151BD3}.Release|Any CPU.Deploy.0 = Release|Any CPU
		{7D2D3083-71DD-4CC9-8907-39A0D86FB322}.Debug|Any CPU.ActiveCfg = Debug|Any CPU
		{7D2D3083-71DD-4CC9-8907-39A0D86FB322}.Debug|Any CPU.Build.0 = Debug|Any CPU
		{7D2D3083-71DD-4CC9-8907-39A0D86FB322}.Release|Any CPU.ActiveCfg = Release|Any CPU
		{7D2D3083-71DD-4CC9-8907-39A0D86FB322}.Release|Any CPU.Build.0 = Release|Any CPU
		{39D7B147-1A5B-47C2-9D01-21FB7C47C4B3}.Debug|Any CPU.ActiveCfg = Debug|Any CPU
		{39D7B147-1A5B-47C2-9D01-21FB7C47C4B3}.Debug|Any CPU.Build.0 = Debug|Any CPU
		{39D7B147-1A5B-47C2-9D01-21FB7C47C4B3}.Release|Any CPU.ActiveCfg = Release|Any CPU
		{39D7B147-1A5B-47C2-9D01-21FB7C47C4B3}.Release|Any CPU.Build.0 = Release|Any CPU
		{854568D5-13D1-4B4F-B50D-534DC7EFD3C9}.Debug|Any CPU.ActiveCfg = Debug|Any CPU
		{854568D5-13D1-4B4F-B50D-534DC7EFD3C9}.Debug|Any CPU.Build.0 = Debug|Any CPU
		{854568D5-13D1-4B4F-B50D-534DC7EFD3C9}.Release|Any CPU.ActiveCfg = Release|Any CPU
		{854568D5-13D1-4B4F-B50D-534DC7EFD3C9}.Release|Any CPU.Build.0 = Release|Any CPU
		{CBC4FF2F-92D4-420B-BE21-9FE0B930B04E}.Debug|Any CPU.ActiveCfg = Debug|Any CPU
		{CBC4FF2F-92D4-420B-BE21-9FE0B930B04E}.Debug|Any CPU.Build.0 = Debug|Any CPU
		{CBC4FF2F-92D4-420B-BE21-9FE0B930B04E}.Release|Any CPU.ActiveCfg = Release|Any CPU
		{CBC4FF2F-92D4-420B-BE21-9FE0B930B04E}.Release|Any CPU.Build.0 = Release|Any CPU
		{E1582370-37B3-403C-917F-8209551B1634}.Debug|Any CPU.ActiveCfg = Debug|Any CPU
		{E1582370-37B3-403C-917F-8209551B1634}.Debug|Any CPU.Build.0 = Debug|Any CPU
		{E1582370-37B3-403C-917F-8209551B1634}.Release|Any CPU.ActiveCfg = Release|Any CPU
		{E1582370-37B3-403C-917F-8209551B1634}.Release|Any CPU.Build.0 = Release|Any CPU
		{D78A720C-C0C6-478B-8564-F167F9BDD01B}.Debug|Any CPU.ActiveCfg = Debug|Any CPU
		{D78A720C-C0C6-478B-8564-F167F9BDD01B}.Debug|Any CPU.Build.0 = Debug|Any CPU
		{D78A720C-C0C6-478B-8564-F167F9BDD01B}.Release|Any CPU.ActiveCfg = Release|Any CPU
		{D78A720C-C0C6-478B-8564-F167F9BDD01B}.Release|Any CPU.Build.0 = Release|Any CPU
		{E2999E4A-9086-401F-898C-AEB0AD38E676}.Debug|Any CPU.ActiveCfg = Debug|Any CPU
		{E2999E4A-9086-401F-898C-AEB0AD38E676}.Debug|Any CPU.Build.0 = Debug|Any CPU
		{E2999E4A-9086-401F-898C-AEB0AD38E676}.Release|Any CPU.ActiveCfg = Release|Any CPU
		{E2999E4A-9086-401F-898C-AEB0AD38E676}.Release|Any CPU.Build.0 = Release|Any CPU
		{050CC912-FF49-4A8B-B534-9544017446DD}.Debug|Any CPU.ActiveCfg = Debug|Any CPU
		{050CC912-FF49-4A8B-B534-9544017446DD}.Debug|Any CPU.Build.0 = Debug|Any CPU
		{050CC912-FF49-4A8B-B534-9544017446DD}.Release|Any CPU.ActiveCfg = Release|Any CPU
		{050CC912-FF49-4A8B-B534-9544017446DD}.Release|Any CPU.Build.0 = Release|Any CPU
		{F40FC0A2-1BC3-401C-BFC1-928EC4D4A9CE}.Debug|Any CPU.ActiveCfg = Debug|Any CPU
		{F40FC0A2-1BC3-401C-BFC1-928EC4D4A9CE}.Debug|Any CPU.Build.0 = Debug|Any CPU
		{F40FC0A2-1BC3-401C-BFC1-928EC4D4A9CE}.Release|Any CPU.ActiveCfg = Release|Any CPU
		{F40FC0A2-1BC3-401C-BFC1-928EC4D4A9CE}.Release|Any CPU.Build.0 = Release|Any CPU
		{E1240B49-7B4B-4371-A00E-068778C5CF0B}.Debug|Any CPU.ActiveCfg = Debug|Any CPU
		{E1240B49-7B4B-4371-A00E-068778C5CF0B}.Debug|Any CPU.Build.0 = Debug|Any CPU
		{E1240B49-7B4B-4371-A00E-068778C5CF0B}.Release|Any CPU.ActiveCfg = Release|Any CPU
		{E1240B49-7B4B-4371-A00E-068778C5CF0B}.Release|Any CPU.Build.0 = Release|Any CPU
		{7CCAEFC4-135D-401D-BDDD-896B9B7D3569}.Debug|Any CPU.ActiveCfg = Debug|Any CPU
		{7CCAEFC4-135D-401D-BDDD-896B9B7D3569}.Debug|Any CPU.Build.0 = Debug|Any CPU
		{7CCAEFC4-135D-401D-BDDD-896B9B7D3569}.Release|Any CPU.ActiveCfg = Release|Any CPU
		{7CCAEFC4-135D-401D-BDDD-896B9B7D3569}.Release|Any CPU.Build.0 = Release|Any CPU
		{12A91A62-C064-42CA-9A8C-A1272F354388}.Debug|Any CPU.ActiveCfg = Debug|Any CPU
		{12A91A62-C064-42CA-9A8C-A1272F354388}.Debug|Any CPU.Build.0 = Debug|Any CPU
		{12A91A62-C064-42CA-9A8C-A1272F354388}.Release|Any CPU.ActiveCfg = Release|Any CPU
		{12A91A62-C064-42CA-9A8C-A1272F354388}.Release|Any CPU.Build.0 = Release|Any CPU
		{D49233F8-F29C-47DD-9975-C4C9E4502720}.Debug|Any CPU.ActiveCfg = Debug|Any CPU
		{D49233F8-F29C-47DD-9975-C4C9E4502720}.Debug|Any CPU.Build.0 = Debug|Any CPU
		{D49233F8-F29C-47DD-9975-C4C9E4502720}.Release|Any CPU.ActiveCfg = Release|Any CPU
		{D49233F8-F29C-47DD-9975-C4C9E4502720}.Release|Any CPU.Build.0 = Release|Any CPU
		{3C471044-3640-45E3-B1B2-16D2FF8399EE}.Debug|Any CPU.ActiveCfg = Debug|Any CPU
		{3C471044-3640-45E3-B1B2-16D2FF8399EE}.Debug|Any CPU.Build.0 = Debug|Any CPU
		{3C471044-3640-45E3-B1B2-16D2FF8399EE}.Release|Any CPU.ActiveCfg = Release|Any CPU
		{3C471044-3640-45E3-B1B2-16D2FF8399EE}.Release|Any CPU.Build.0 = Release|Any CPU
		{BF28998D-072C-439A-AFBB-2FE5021241E0}.Debug|Any CPU.ActiveCfg = Debug|Any CPU
		{BF28998D-072C-439A-AFBB-2FE5021241E0}.Debug|Any CPU.Build.0 = Debug|Any CPU
		{BF28998D-072C-439A-AFBB-2FE5021241E0}.Release|Any CPU.ActiveCfg = Release|Any CPU
		{BF28998D-072C-439A-AFBB-2FE5021241E0}.Release|Any CPU.Build.0 = Release|Any CPU
		{3F00BC43-5095-477F-93D8-E65B08179A00}.Debug|Any CPU.ActiveCfg = Debug|Any CPU
		{3F00BC43-5095-477F-93D8-E65B08179A00}.Release|Any CPU.ActiveCfg = Release|Any CPU
		{41B02319-965D-4945-8005-C1A3D1224165}.Debug|Any CPU.ActiveCfg = Debug|Any CPU
		{41B02319-965D-4945-8005-C1A3D1224165}.Debug|Any CPU.Build.0 = Debug|Any CPU
		{41B02319-965D-4945-8005-C1A3D1224165}.Release|Any CPU.ActiveCfg = Release|Any CPU
		{41B02319-965D-4945-8005-C1A3D1224165}.Release|Any CPU.Build.0 = Release|Any CPU
		{D775DECB-4E00-4ED5-A75A-5FCE58ADFF0B}.Debug|Any CPU.ActiveCfg = Debug|Any CPU
		{D775DECB-4E00-4ED5-A75A-5FCE58ADFF0B}.Debug|Any CPU.Build.0 = Debug|Any CPU
		{D775DECB-4E00-4ED5-A75A-5FCE58ADFF0B}.Release|Any CPU.ActiveCfg = Release|Any CPU
		{D775DECB-4E00-4ED5-A75A-5FCE58ADFF0B}.Release|Any CPU.Build.0 = Release|Any CPU
		{AF915D5C-AB00-4EA0-B5E6-001F4AE84E68}.Debug|Any CPU.ActiveCfg = Debug|Any CPU
		{AF915D5C-AB00-4EA0-B5E6-001F4AE84E68}.Debug|Any CPU.Build.0 = Debug|Any CPU
		{AF915D5C-AB00-4EA0-B5E6-001F4AE84E68}.Release|Any CPU.ActiveCfg = Release|Any CPU
		{AF915D5C-AB00-4EA0-B5E6-001F4AE84E68}.Release|Any CPU.Build.0 = Release|Any CPU
		{3278F3A9-9509-4A3F-A15B-BDC8B5BFF632}.Debug|Any CPU.ActiveCfg = Debug|Any CPU
		{3278F3A9-9509-4A3F-A15B-BDC8B5BFF632}.Debug|Any CPU.Build.0 = Debug|Any CPU
		{3278F3A9-9509-4A3F-A15B-BDC8B5BFF632}.Release|Any CPU.ActiveCfg = Release|Any CPU
		{3278F3A9-9509-4A3F-A15B-BDC8B5BFF632}.Release|Any CPU.Build.0 = Release|Any CPU
		{4D55985A-1EE2-4F25-AD39-6EA8BC04F8FB}.Debug|Any CPU.ActiveCfg = Debug|Any CPU
		{4D55985A-1EE2-4F25-AD39-6EA8BC04F8FB}.Debug|Any CPU.Build.0 = Debug|Any CPU
		{4D55985A-1EE2-4F25-AD39-6EA8BC04F8FB}.Release|Any CPU.ActiveCfg = Release|Any CPU
		{4D55985A-1EE2-4F25-AD39-6EA8BC04F8FB}.Release|Any CPU.Build.0 = Release|Any CPU
		{4D36CEC8-53F2-40A5-9A37-79AAE356E2DA}.Debug|Any CPU.ActiveCfg = Debug|Any CPU
		{4D36CEC8-53F2-40A5-9A37-79AAE356E2DA}.Debug|Any CPU.Build.0 = Debug|Any CPU
		{4D36CEC8-53F2-40A5-9A37-79AAE356E2DA}.Release|Any CPU.ActiveCfg = Release|Any CPU
		{4D36CEC8-53F2-40A5-9A37-79AAE356E2DA}.Release|Any CPU.Build.0 = Release|Any CPU
		{351337F5-D66F-461B-A957-4EF60BDB4BA6}.Debug|Any CPU.ActiveCfg = Debug|Any CPU
		{351337F5-D66F-461B-A957-4EF60BDB4BA6}.Debug|Any CPU.Build.0 = Debug|Any CPU
		{351337F5-D66F-461B-A957-4EF60BDB4BA6}.Release|Any CPU.ActiveCfg = Release|Any CPU
		{351337F5-D66F-461B-A957-4EF60BDB4BA6}.Release|Any CPU.Build.0 = Release|Any CPU
		{C42D2FC1-A531-4ED4-84B9-89AEC7C962FC}.Debug|Any CPU.ActiveCfg = Debug|Any CPU
		{C42D2FC1-A531-4ED4-84B9-89AEC7C962FC}.Debug|Any CPU.Build.0 = Debug|Any CPU
		{C42D2FC1-A531-4ED4-84B9-89AEC7C962FC}.Release|Any CPU.ActiveCfg = Release|Any CPU
		{C42D2FC1-A531-4ED4-84B9-89AEC7C962FC}.Release|Any CPU.Build.0 = Release|Any CPU
		{8C89950F-F5D9-47FC-8066-CBC1EC3DF8FC}.Debug|Any CPU.ActiveCfg = Debug|Any CPU
		{8C89950F-F5D9-47FC-8066-CBC1EC3DF8FC}.Debug|Any CPU.Build.0 = Debug|Any CPU
		{8C89950F-F5D9-47FC-8066-CBC1EC3DF8FC}.Release|Any CPU.ActiveCfg = Release|Any CPU
		{8C89950F-F5D9-47FC-8066-CBC1EC3DF8FC}.Release|Any CPU.Build.0 = Release|Any CPU
		{B859AE7C-F34F-4A9E-88AE-E0E7229FDE1E}.Debug|Any CPU.ActiveCfg = Debug|Any CPU
		{B859AE7C-F34F-4A9E-88AE-E0E7229FDE1E}.Debug|Any CPU.Build.0 = Debug|Any CPU
		{B859AE7C-F34F-4A9E-88AE-E0E7229FDE1E}.Release|Any CPU.ActiveCfg = Release|Any CPU
		{B859AE7C-F34F-4A9E-88AE-E0E7229FDE1E}.Release|Any CPU.Build.0 = Release|Any CPU
		{909A8CBD-7D0E-42FD-B841-022AD8925820}.Debug|Any CPU.ActiveCfg = Debug|Any CPU
		{909A8CBD-7D0E-42FD-B841-022AD8925820}.Debug|Any CPU.Build.0 = Debug|Any CPU
		{909A8CBD-7D0E-42FD-B841-022AD8925820}.Release|Any CPU.ActiveCfg = Release|Any CPU
		{909A8CBD-7D0E-42FD-B841-022AD8925820}.Release|Any CPU.Build.0 = Release|Any CPU
		{11BE52AF-E2DD-4CF0-B19A-05285ACAF571}.Debug|Any CPU.ActiveCfg = Debug|Any CPU
		{11BE52AF-E2DD-4CF0-B19A-05285ACAF571}.Debug|Any CPU.Build.0 = Debug|Any CPU
		{11BE52AF-E2DD-4CF0-B19A-05285ACAF571}.Release|Any CPU.ActiveCfg = Release|Any CPU
		{11BE52AF-E2DD-4CF0-B19A-05285ACAF571}.Release|Any CPU.Build.0 = Release|Any CPU
		{FE2F3E5E-1E34-4972-8DC1-5C2C588E5ECE}.Debug|Any CPU.ActiveCfg = Debug|Any CPU
		{FE2F3E5E-1E34-4972-8DC1-5C2C588E5ECE}.Debug|Any CPU.Build.0 = Debug|Any CPU
		{FE2F3E5E-1E34-4972-8DC1-5C2C588E5ECE}.Release|Any CPU.ActiveCfg = Release|Any CPU
		{FE2F3E5E-1E34-4972-8DC1-5C2C588E5ECE}.Release|Any CPU.Build.0 = Release|Any CPU
		{BC594FD5-4AF2-409E-A1E6-04123F54D7C5}.Debug|Any CPU.ActiveCfg = Debug|Any CPU
		{BC594FD5-4AF2-409E-A1E6-04123F54D7C5}.Debug|Any CPU.Build.0 = Debug|Any CPU
		{BC594FD5-4AF2-409E-A1E6-04123F54D7C5}.Release|Any CPU.ActiveCfg = Release|Any CPU
		{BC594FD5-4AF2-409E-A1E6-04123F54D7C5}.Release|Any CPU.Build.0 = Release|Any CPU
		{676D6BFD-029D-4E43-BFC7-3892265CE251}.Debug|Any CPU.ActiveCfg = Debug|Any CPU
		{676D6BFD-029D-4E43-BFC7-3892265CE251}.Debug|Any CPU.Build.0 = Debug|Any CPU
		{676D6BFD-029D-4E43-BFC7-3892265CE251}.Release|Any CPU.ActiveCfg = Release|Any CPU
		{676D6BFD-029D-4E43-BFC7-3892265CE251}.Release|Any CPU.Build.0 = Release|Any CPU
		{F2CE566B-E7F6-447A-AB1A-3F574A6FE43A}.Debug|Any CPU.ActiveCfg = Debug|Any CPU
		{F2CE566B-E7F6-447A-AB1A-3F574A6FE43A}.Debug|Any CPU.Build.0 = Debug|Any CPU
		{F2CE566B-E7F6-447A-AB1A-3F574A6FE43A}.Release|Any CPU.ActiveCfg = Release|Any CPU
		{F2CE566B-E7F6-447A-AB1A-3F574A6FE43A}.Release|Any CPU.Build.0 = Release|Any CPU
		{26A98DA1-D89D-4A95-8152-349F404DA2E2}.Debug|Any CPU.ActiveCfg = Debug|Any CPU
		{26A98DA1-D89D-4A95-8152-349F404DA2E2}.Debug|Any CPU.Build.0 = Debug|Any CPU
		{26A98DA1-D89D-4A95-8152-349F404DA2E2}.Release|Any CPU.ActiveCfg = Release|Any CPU
		{26A98DA1-D89D-4A95-8152-349F404DA2E2}.Release|Any CPU.Build.0 = Release|Any CPU
		{A0D0A6A4-5C72-4ADA-9B27-621C7D94F270}.Debug|Any CPU.ActiveCfg = Debug|Any CPU
		{A0D0A6A4-5C72-4ADA-9B27-621C7D94F270}.Debug|Any CPU.Build.0 = Debug|Any CPU
		{A0D0A6A4-5C72-4ADA-9B27-621C7D94F270}.Release|Any CPU.ActiveCfg = Release|Any CPU
		{A0D0A6A4-5C72-4ADA-9B27-621C7D94F270}.Release|Any CPU.Build.0 = Release|Any CPU
		{70B9F5CC-E2F9-4314-9514-EDE762ACCC4B}.Debug|Any CPU.ActiveCfg = Debug|Any CPU
		{70B9F5CC-E2F9-4314-9514-EDE762ACCC4B}.Debug|Any CPU.Build.0 = Debug|Any CPU
		{70B9F5CC-E2F9-4314-9514-EDE762ACCC4B}.Release|Any CPU.ActiveCfg = Release|Any CPU
		{70B9F5CC-E2F9-4314-9514-EDE762ACCC4B}.Release|Any CPU.Build.0 = Release|Any CPU
		{2B390431-288C-435C-BB6B-A374033BD8D1}.Debug|Any CPU.ActiveCfg = Debug|Any CPU
		{2B390431-288C-435C-BB6B-A374033BD8D1}.Debug|Any CPU.Build.0 = Debug|Any CPU
		{2B390431-288C-435C-BB6B-A374033BD8D1}.Release|Any CPU.ActiveCfg = Release|Any CPU
		{2B390431-288C-435C-BB6B-A374033BD8D1}.Release|Any CPU.Build.0 = Release|Any CPU
		{7BF6C69D-FC14-43EB-9ED0-782C16F3D5D9}.Debug|Any CPU.ActiveCfg = Debug|Any CPU
		{7BF6C69D-FC14-43EB-9ED0-782C16F3D5D9}.Debug|Any CPU.Build.0 = Debug|Any CPU
		{7BF6C69D-FC14-43EB-9ED0-782C16F3D5D9}.Release|Any CPU.ActiveCfg = Release|Any CPU
		{7BF6C69D-FC14-43EB-9ED0-782C16F3D5D9}.Release|Any CPU.Build.0 = Release|Any CPU
		{EABE2161-989B-42BF-BD8D-1E34B20C21F1}.Debug|Any CPU.ActiveCfg = Debug|Any CPU
		{EABE2161-989B-42BF-BD8D-1E34B20C21F1}.Debug|Any CPU.Build.0 = Debug|Any CPU
		{EABE2161-989B-42BF-BD8D-1E34B20C21F1}.Release|Any CPU.ActiveCfg = Release|Any CPU
		{EABE2161-989B-42BF-BD8D-1E34B20C21F1}.Release|Any CPU.Build.0 = Release|Any CPU
		{1BBFAD42-B99E-47E0-B00A-A4BC6B6BB4BB}.Debug|Any CPU.ActiveCfg = Debug|Any CPU
		{1BBFAD42-B99E-47E0-B00A-A4BC6B6BB4BB}.Debug|Any CPU.Build.0 = Debug|Any CPU
		{1BBFAD42-B99E-47E0-B00A-A4BC6B6BB4BB}.Release|Any CPU.ActiveCfg = Release|Any CPU
		{1BBFAD42-B99E-47E0-B00A-A4BC6B6BB4BB}.Release|Any CPU.Build.0 = Release|Any CPU
		{3B8519C1-2F51-4F12-A348-120AB91D4532}.Debug|Any CPU.ActiveCfg = Debug|Any CPU
		{3B8519C1-2F51-4F12-A348-120AB91D4532}.Debug|Any CPU.Build.0 = Debug|Any CPU
		{3B8519C1-2F51-4F12-A348-120AB91D4532}.Release|Any CPU.ActiveCfg = Release|Any CPU
		{3B8519C1-2F51-4F12-A348-120AB91D4532}.Release|Any CPU.Build.0 = Release|Any CPU
		{C90FE60B-B01E-4F35-91D6-379D6966030F}.Debug|Any CPU.ActiveCfg = Debug|Any CPU
		{C90FE60B-B01E-4F35-91D6-379D6966030F}.Debug|Any CPU.Build.0 = Debug|Any CPU
		{C90FE60B-B01E-4F35-91D6-379D6966030F}.Debug|Any CPU.Deploy.0 = Debug|Any CPU
		{C90FE60B-B01E-4F35-91D6-379D6966030F}.Release|Any CPU.ActiveCfg = Release|Any CPU
		{C90FE60B-B01E-4F35-91D6-379D6966030F}.Release|Any CPU.Build.0 = Release|Any CPU
		{FED9A71D-00D7-4F40-A9E4-1229EEA28EEB}.Debug|Any CPU.ActiveCfg = Debug|Any CPU
		{FED9A71D-00D7-4F40-A9E4-1229EEA28EEB}.Debug|Any CPU.Build.0 = Debug|Any CPU
		{FED9A71D-00D7-4F40-A9E4-1229EEA28EEB}.Release|Any CPU.ActiveCfg = Release|Any CPU
		{FED9A71D-00D7-4F40-A9E4-1229EEA28EEB}.Release|Any CPU.Build.0 = Release|Any CPU
		{62D392C9-81CF-487F-92E8-598B2AF3FDCE}.Debug|Any CPU.ActiveCfg = Debug|Any CPU
		{62D392C9-81CF-487F-92E8-598B2AF3FDCE}.Debug|Any CPU.Build.0 = Debug|Any CPU
		{62D392C9-81CF-487F-92E8-598B2AF3FDCE}.Release|Any CPU.ActiveCfg = Release|Any CPU
		{62D392C9-81CF-487F-92E8-598B2AF3FDCE}.Release|Any CPU.Build.0 = Release|Any CPU
		{4A39637C-9338-4925-A4DB-D072E292EC78}.Debug|Any CPU.ActiveCfg = Debug|Any CPU
		{4A39637C-9338-4925-A4DB-D072E292EC78}.Debug|Any CPU.Build.0 = Debug|Any CPU
		{4A39637C-9338-4925-A4DB-D072E292EC78}.Release|Any CPU.ActiveCfg = Release|Any CPU
		{4A39637C-9338-4925-A4DB-D072E292EC78}.Release|Any CPU.Build.0 = Release|Any CPU
		{47F8530C-F19B-4B1A-B4D6-EB231522AE5D}.Debug|Any CPU.ActiveCfg = Debug|Any CPU
		{47F8530C-F19B-4B1A-B4D6-EB231522AE5D}.Debug|Any CPU.Build.0 = Debug|Any CPU
		{47F8530C-F19B-4B1A-B4D6-EB231522AE5D}.Release|Any CPU.ActiveCfg = Release|Any CPU
		{47F8530C-F19B-4B1A-B4D6-EB231522AE5D}.Release|Any CPU.Build.0 = Release|Any CPU
		{15B93A4C-1B46-43F6-B534-7B25B6E99932}.Debug|Any CPU.ActiveCfg = Debug|Any CPU
		{15B93A4C-1B46-43F6-B534-7B25B6E99932}.Debug|Any CPU.Build.0 = Debug|Any CPU
		{15B93A4C-1B46-43F6-B534-7B25B6E99932}.Release|Any CPU.ActiveCfg = Release|Any CPU
		{15B93A4C-1B46-43F6-B534-7B25B6E99932}.Release|Any CPU.Build.0 = Release|Any CPU
		{90B08091-9BBD-4362-B712-E9F2CC62B218}.Debug|Any CPU.ActiveCfg = Debug|Any CPU
		{90B08091-9BBD-4362-B712-E9F2CC62B218}.Debug|Any CPU.Build.0 = Debug|Any CPU
		{90B08091-9BBD-4362-B712-E9F2CC62B218}.Release|Any CPU.ActiveCfg = Release|Any CPU
		{90B08091-9BBD-4362-B712-E9F2CC62B218}.Release|Any CPU.Build.0 = Release|Any CPU
		{75C47156-C5D8-44BC-A5A7-E8657C2248D6}.Debug|Any CPU.ActiveCfg = Debug|Any CPU
		{75C47156-C5D8-44BC-A5A7-E8657C2248D6}.Debug|Any CPU.Build.0 = Debug|Any CPU
		{75C47156-C5D8-44BC-A5A7-E8657C2248D6}.Release|Any CPU.ActiveCfg = Release|Any CPU
		{75C47156-C5D8-44BC-A5A7-E8657C2248D6}.Release|Any CPU.Build.0 = Release|Any CPU
		{C810060E-3809-4B74-A125-F11533AF9C1B}.Debug|Any CPU.ActiveCfg = Debug|Any CPU
		{C810060E-3809-4B74-A125-F11533AF9C1B}.Debug|Any CPU.Build.0 = Debug|Any CPU
		{C810060E-3809-4B74-A125-F11533AF9C1B}.Release|Any CPU.ActiveCfg = Release|Any CPU
		{C810060E-3809-4B74-A125-F11533AF9C1B}.Release|Any CPU.Build.0 = Release|Any CPU
		{C692FE73-43DB-49CE-87FC-F03ED61F25C9}.Debug|Any CPU.ActiveCfg = Release|Any CPU
		{C692FE73-43DB-49CE-87FC-F03ED61F25C9}.Debug|Any CPU.Build.0 = Release|Any CPU
		{C692FE73-43DB-49CE-87FC-F03ED61F25C9}.Release|Any CPU.ActiveCfg = Release|Any CPU
		{C692FE73-43DB-49CE-87FC-F03ED61F25C9}.Release|Any CPU.Build.0 = Release|Any CPU
		{EE0F0DD4-A70D-472B-BD5D-B7D32D0E9386}.Debug|Any CPU.ActiveCfg = Debug|Any CPU
		{EE0F0DD4-A70D-472B-BD5D-B7D32D0E9386}.Debug|Any CPU.Build.0 = Debug|Any CPU
		{EE0F0DD4-A70D-472B-BD5D-B7D32D0E9386}.Release|Any CPU.ActiveCfg = Release|Any CPU
		{EE0F0DD4-A70D-472B-BD5D-B7D32D0E9386}.Release|Any CPU.Build.0 = Release|Any CPU
		{F4E36AA8-814E-4704-BC07-291F70F45193}.Debug|Any CPU.ActiveCfg = Debug|Any CPU
		{F4E36AA8-814E-4704-BC07-291F70F45193}.Debug|Any CPU.Build.0 = Debug|Any CPU
		{F4E36AA8-814E-4704-BC07-291F70F45193}.Release|Any CPU.ActiveCfg = Release|Any CPU
		{F4E36AA8-814E-4704-BC07-291F70F45193}.Release|Any CPU.Build.0 = Release|Any CPU
		{DDA28789-C21A-4654-86CE-D01E81F095C5}.Debug|Any CPU.ActiveCfg = Debug|Any CPU
		{DDA28789-C21A-4654-86CE-D01E81F095C5}.Debug|Any CPU.Build.0 = Debug|Any CPU
		{DDA28789-C21A-4654-86CE-D01E81F095C5}.Release|Any CPU.ActiveCfg = Release|Any CPU
		{DDA28789-C21A-4654-86CE-D01E81F095C5}.Release|Any CPU.Build.0 = Release|Any CPU
		{13F1135D-BA1A-435C-9C5B-A368D1D63DE4}.Debug|Any CPU.ActiveCfg = Debug|Any CPU
		{13F1135D-BA1A-435C-9C5B-A368D1D63DE4}.Debug|Any CPU.Build.0 = Debug|Any CPU
		{13F1135D-BA1A-435C-9C5B-A368D1D63DE4}.Release|Any CPU.ActiveCfg = Release|Any CPU
		{13F1135D-BA1A-435C-9C5B-A368D1D63DE4}.Release|Any CPU.Build.0 = Release|Any CPU
		{A82AD1BC-EBE6-4FC3-A13B-D52A50297533}.Debug|Any CPU.ActiveCfg = Debug|Any CPU
		{A82AD1BC-EBE6-4FC3-A13B-D52A50297533}.Debug|Any CPU.Build.0 = Debug|Any CPU
		{A82AD1BC-EBE6-4FC3-A13B-D52A50297533}.Release|Any CPU.ActiveCfg = Release|Any CPU
		{A82AD1BC-EBE6-4FC3-A13B-D52A50297533}.Release|Any CPU.Build.0 = Release|Any CPU
		{F8928267-688E-4A51-989C-612A72446D33}.Debug|Any CPU.ActiveCfg = Debug|Any CPU
		{F8928267-688E-4A51-989C-612A72446D33}.Debug|Any CPU.Build.0 = Debug|Any CPU
		{F8928267-688E-4A51-989C-612A72446D33}.Release|Any CPU.ActiveCfg = Release|Any CPU
		{F8928267-688E-4A51-989C-612A72446D33}.Release|Any CPU.Build.0 = Release|Any CPU
		{6B60A970-D5D2-49C2-8BAB-F9C7973B74B6}.Debug|Any CPU.ActiveCfg = Debug|Any CPU
		{6B60A970-D5D2-49C2-8BAB-F9C7973B74B6}.Debug|Any CPU.Build.0 = Debug|Any CPU
		{6B60A970-D5D2-49C2-8BAB-F9C7973B74B6}.Release|Any CPU.ActiveCfg = Release|Any CPU
		{6B60A970-D5D2-49C2-8BAB-F9C7973B74B6}.Release|Any CPU.Build.0 = Release|Any CPU
		{22E3BC08-EAF7-4889-BDC4-B4D3046C4E2D}.Debug|Any CPU.ActiveCfg = Debug|Any CPU
		{22E3BC08-EAF7-4889-BDC4-B4D3046C4E2D}.Debug|Any CPU.Build.0 = Debug|Any CPU
		{22E3BC08-EAF7-4889-BDC4-B4D3046C4E2D}.Debug|Any CPU.Deploy.0 = Debug|Any CPU
		{22E3BC08-EAF7-4889-BDC4-B4D3046C4E2D}.Release|Any CPU.ActiveCfg = Release|Any CPU
		{22E3BC08-EAF7-4889-BDC4-B4D3046C4E2D}.Release|Any CPU.Build.0 = Release|Any CPU
		{22E3BC08-EAF7-4889-BDC4-B4D3046C4E2D}.Release|Any CPU.Deploy.0 = Release|Any CPU
		{4CDAD037-34A2-4CCF-A03A-C6C7B988A572}.Debug|Any CPU.ActiveCfg = Debug|Any CPU
		{4CDAD037-34A2-4CCF-A03A-C6C7B988A572}.Debug|Any CPU.Build.0 = Debug|Any CPU
		{4CDAD037-34A2-4CCF-A03A-C6C7B988A572}.Release|Any CPU.ActiveCfg = Release|Any CPU
		{4CDAD037-34A2-4CCF-A03A-C6C7B988A572}.Release|Any CPU.Build.0 = Release|Any CPU
		{FC956F9A-4C3A-4A1A-ACDD-BB54DCB661DD}.Debug|Any CPU.ActiveCfg = Debug|Any CPU
		{FC956F9A-4C3A-4A1A-ACDD-BB54DCB661DD}.Debug|Any CPU.Build.0 = Debug|Any CPU
		{FC956F9A-4C3A-4A1A-ACDD-BB54DCB661DD}.Debug|Any CPU.Deploy.0 = Debug|Any CPU
		{FC956F9A-4C3A-4A1A-ACDD-BB54DCB661DD}.Release|Any CPU.ActiveCfg = Release|Any CPU
		{FC956F9A-4C3A-4A1A-ACDD-BB54DCB661DD}.Release|Any CPU.Build.0 = Release|Any CPU
		{FC956F9A-4C3A-4A1A-ACDD-BB54DCB661DD}.Release|Any CPU.Deploy.0 = Release|Any CPU
		{F47F8316-4D4B-4026-8EF3-16B2CFDA8119}.Debug|Any CPU.ActiveCfg = Debug|Any CPU
		{F47F8316-4D4B-4026-8EF3-16B2CFDA8119}.Debug|Any CPU.Build.0 = Debug|Any CPU
		{F47F8316-4D4B-4026-8EF3-16B2CFDA8119}.Release|Any CPU.ActiveCfg = Release|Any CPU
		{F47F8316-4D4B-4026-8EF3-16B2CFDA8119}.Release|Any CPU.Build.0 = Release|Any CPU
		{ED976634-B118-43F8-8B26-0279C7A7044F}.Debug|Any CPU.ActiveCfg = Debug|Any CPU
		{ED976634-B118-43F8-8B26-0279C7A7044F}.Debug|Any CPU.Build.0 = Debug|Any CPU
		{ED976634-B118-43F8-8B26-0279C7A7044F}.Release|Any CPU.ActiveCfg = Release|Any CPU
		{ED976634-B118-43F8-8B26-0279C7A7044F}.Release|Any CPU.Build.0 = Release|Any CPU
		{4B8EBBEB-A1AD-49EC-8B69-B93ED15BFA64}.Debug|Any CPU.ActiveCfg = Debug|Any CPU
		{4B8EBBEB-A1AD-49EC-8B69-B93ED15BFA64}.Debug|Any CPU.Build.0 = Debug|Any CPU
		{4B8EBBEB-A1AD-49EC-8B69-B93ED15BFA64}.Release|Any CPU.ActiveCfg = Release|Any CPU
		{4B8EBBEB-A1AD-49EC-8B69-B93ED15BFA64}.Release|Any CPU.Build.0 = Release|Any CPU
		{2999D79E-3C20-4A90-B651-CA7E0AC92D35}.Debug|Any CPU.ActiveCfg = Debug|Any CPU
		{2999D79E-3C20-4A90-B651-CA7E0AC92D35}.Debug|Any CPU.Build.0 = Debug|Any CPU
		{2999D79E-3C20-4A90-B651-CA7E0AC92D35}.Release|Any CPU.ActiveCfg = Release|Any CPU
		{2999D79E-3C20-4A90-B651-CA7E0AC92D35}.Release|Any CPU.Build.0 = Release|Any CPU
		{F83FC908-A4E3-40DE-B4CF-A4BA1E92CDB3}.Debug|Any CPU.ActiveCfg = Debug|Any CPU
		{F83FC908-A4E3-40DE-B4CF-A4BA1E92CDB3}.Debug|Any CPU.Build.0 = Debug|Any CPU
		{F83FC908-A4E3-40DE-B4CF-A4BA1E92CDB3}.Release|Any CPU.ActiveCfg = Release|Any CPU
		{F83FC908-A4E3-40DE-B4CF-A4BA1E92CDB3}.Release|Any CPU.Build.0 = Release|Any CPU
		{43FCC14E-EEBE-44B3-BCBC-F1C537EECBF8}.Debug|Any CPU.ActiveCfg = Debug|Any CPU
		{43FCC14E-EEBE-44B3-BCBC-F1C537EECBF8}.Debug|Any CPU.Build.0 = Debug|Any CPU
		{43FCC14E-EEBE-44B3-BCBC-F1C537EECBF8}.Release|Any CPU.ActiveCfg = Release|Any CPU
		{43FCC14E-EEBE-44B3-BCBC-F1C537EECBF8}.Release|Any CPU.Build.0 = Release|Any CPU
		{DFFBDBF5-5DBE-47ED-9EAE-D40B75AC99E8}.Debug|Any CPU.ActiveCfg = Debug|Any CPU
		{DFFBDBF5-5DBE-47ED-9EAE-D40B75AC99E8}.Debug|Any CPU.Build.0 = Debug|Any CPU
		{DFFBDBF5-5DBE-47ED-9EAE-D40B75AC99E8}.Release|Any CPU.ActiveCfg = Release|Any CPU
		{DFFBDBF5-5DBE-47ED-9EAE-D40B75AC99E8}.Release|Any CPU.Build.0 = Release|Any CPU
		{A0B29221-2B6F-4B29-A4D5-2227811B5915}.Debug|Any CPU.ActiveCfg = Debug|Any CPU
		{A0B29221-2B6F-4B29-A4D5-2227811B5915}.Debug|Any CPU.Build.0 = Debug|Any CPU
		{A0B29221-2B6F-4B29-A4D5-2227811B5915}.Debug|Any CPU.Deploy.0 = Debug|Any CPU
		{A0B29221-2B6F-4B29-A4D5-2227811B5915}.Release|Any CPU.ActiveCfg = Release|Any CPU
		{A0B29221-2B6F-4B29-A4D5-2227811B5915}.Release|Any CPU.Build.0 = Release|Any CPU
		{A0B29221-2B6F-4B29-A4D5-2227811B5915}.Release|Any CPU.Deploy.0 = Release|Any CPU
		{60B4ED1F-ECFA-453B-8A70-1788261C8355}.Debug|Any CPU.ActiveCfg = Debug|Any CPU
		{60B4ED1F-ECFA-453B-8A70-1788261C8355}.Debug|Any CPU.Build.0 = Debug|Any CPU
		{60B4ED1F-ECFA-453B-8A70-1788261C8355}.Release|Any CPU.ActiveCfg = Release|Any CPU
		{60B4ED1F-ECFA-453B-8A70-1788261C8355}.Release|Any CPU.Build.0 = Release|Any CPU
		{B0FD6A48-FBAB-4676-B36A-DE76B0922B12}.Debug|Any CPU.ActiveCfg = Debug|Any CPU
		{B0FD6A48-FBAB-4676-B36A-DE76B0922B12}.Debug|Any CPU.Build.0 = Debug|Any CPU
		{B0FD6A48-FBAB-4676-B36A-DE76B0922B12}.Release|Any CPU.ActiveCfg = Release|Any CPU
		{B0FD6A48-FBAB-4676-B36A-DE76B0922B12}.Release|Any CPU.Build.0 = Release|Any CPU
		{0A948D71-99C5-43E9-BACB-B0BA59EA25B4}.Debug|Any CPU.ActiveCfg = Debug|Any CPU
		{0A948D71-99C5-43E9-BACB-B0BA59EA25B4}.Debug|Any CPU.Build.0 = Debug|Any CPU
		{0A948D71-99C5-43E9-BACB-B0BA59EA25B4}.Release|Any CPU.ActiveCfg = Release|Any CPU
		{0A948D71-99C5-43E9-BACB-B0BA59EA25B4}.Release|Any CPU.Build.0 = Release|Any CPU
		{068247A8-21E8-40D2-83CF-8758410FACAD}.Debug|Any CPU.ActiveCfg = Debug|Any CPU
		{068247A8-21E8-40D2-83CF-8758410FACAD}.Debug|Any CPU.Build.0 = Debug|Any CPU
		{068247A8-21E8-40D2-83CF-8758410FACAD}.Release|Any CPU.ActiveCfg = Release|Any CPU
		{068247A8-21E8-40D2-83CF-8758410FACAD}.Release|Any CPU.Build.0 = Release|Any CPU
	EndGlobalSection
	GlobalSection(SolutionProperties) = preSolution
		HideSolutionNode = FALSE
	EndGlobalSection
	GlobalSection(NestedProjects) = preSolution
		{811A76CF-1CF6-440F-963B-BBE31BD72A82} = {B39A8919-9F95-48FE-AD7B-76E08B509888}
		{3E908F67-5543-4879-A1DC-08EACE79B3CD} = {B39A8919-9F95-48FE-AD7B-76E08B509888}
		{5CCB5571-7C30-4E7D-967D-0E2158EBD91F} = {C5A00AC3-B34C-4564-9BDD-2DA473EF4D8B}
		{2905FF23-53FB-45E6-AA49-6AF47A172056} = {C5A00AC3-B34C-4564-9BDD-2DA473EF4D8B}
		{DABFD304-D6A4-4752-8123-C2CCF7AC7831} = {C5A00AC3-B34C-4564-9BDD-2DA473EF4D8B}
		{EFB11458-9CDF-41C0-BE4F-44AF45A4CAB8} = {C5A00AC3-B34C-4564-9BDD-2DA473EF4D8B}
		{99135EAB-653D-47E4-A378-C96E1278CA44} = {C5A00AC3-B34C-4564-9BDD-2DA473EF4D8B}
		{3E53A01A-B331-47F3-B828-4A5717E77A24} = {8B6A8209-894F-4BA1-B880-965FD453982C}
		{6417E941-21BC-467B-A771-0DE389353CE6} = {8B6A8209-894F-4BA1-B880-965FD453982C}
		{8EF392D5-1416-45AA-9956-7CBBC3229E8A} = {C5A00AC3-B34C-4564-9BDD-2DA473EF4D8B}
		{08B3E6B9-1CD5-443C-9F61-6D49D1C5F162} = {9B9E3891-2366-4253-A952-D08BCEB71098}
		{7B92AF71-6287-4693-9DCB-BD5B6E927E23} = {7CF9789C-F1D3-4D0E-90E5-F1DF67A2753F}
		{4488AD85-1495-4809-9AA4-DDFE0A48527E} = {0CB0B92E-6CFF-4240-80A5-CCAFE75D91E1}
		{E1AA3DBF-9056-4530-9376-18119A7A3FFE} = {C5A00AC3-B34C-4564-9BDD-2DA473EF4D8B}
		{88060192-33D5-4932-B0F9-8BD2763E857D} = {C5A00AC3-B34C-4564-9BDD-2DA473EF4D8B}
		{410AC439-81A1-4EB5-B5E9-6A7FC6B77F4B} = {C5A00AC3-B34C-4564-9BDD-2DA473EF4D8B}
		{D0A739B9-3C68-4BA6-A328-41606954B6BD} = {9B9E3891-2366-4253-A952-D08BCEB71098}
		{2B888490-D14A-4BCA-AB4B-48676FA93C9B} = {9B9E3891-2366-4253-A952-D08BCEB71098}
		{F1381F98-4D24-409A-A6C5-1C5B1E08BB08} = {C5A00AC3-B34C-4564-9BDD-2DA473EF4D8B}
		{FBCAF3D0-2808-4934-8E96-3F607594517B} = {9B9E3891-2366-4253-A952-D08BCEB71098}
		{A0CC0258-D18C-4AB3-854F-7101680FC3F9} = {9B9E3891-2366-4253-A952-D08BCEB71098}
		{F1FDC5B0-4654-416F-AE69-E3E9BBD87801} = {9B9E3891-2366-4253-A952-D08BCEB71098}
		{29132311-1848-4FD6-AE0C-4FF841151BD3} = {9B9E3891-2366-4253-A952-D08BCEB71098}
		{7D2D3083-71DD-4CC9-8907-39A0D86FB322} = {3743B0F2-CC41-4F14-A8C8-267F579BF91E}
		{39D7B147-1A5B-47C2-9D01-21FB7C47C4B3} = {9B9E3891-2366-4253-A952-D08BCEB71098}
		{854568D5-13D1-4B4F-B50D-534DC7EFD3C9} = {86C53C40-57AA-45B8-AD42-FAE0EFDF0F2B}
		{CBC4FF2F-92D4-420B-BE21-9FE0B930B04E} = {B39A8919-9F95-48FE-AD7B-76E08B509888}
		{E1582370-37B3-403C-917F-8209551B1634} = {C5A00AC3-B34C-4564-9BDD-2DA473EF4D8B}
		{E2999E4A-9086-401F-898C-AEB0AD38E676} = {9B9E3891-2366-4253-A952-D08BCEB71098}
		{050CC912-FF49-4A8B-B534-9544017446DD} = {4ED8B739-6F4E-4CD4-B993-545E6B5CE637}
		{F40FC0A2-1BC3-401C-BFC1-928EC4D4A9CE} = {9B9E3891-2366-4253-A952-D08BCEB71098}
		{E1240B49-7B4B-4371-A00E-068778C5CF0B} = {C5A00AC3-B34C-4564-9BDD-2DA473EF4D8B}
		{D49233F8-F29C-47DD-9975-C4C9E4502720} = {E870DCD7-F46A-498D-83FC-D0FD13E0A11C}
		{3C471044-3640-45E3-B1B2-16D2FF8399EE} = {E870DCD7-F46A-498D-83FC-D0FD13E0A11C}
		{41B02319-965D-4945-8005-C1A3D1224165} = {86C53C40-57AA-45B8-AD42-FAE0EFDF0F2B}
		{D775DECB-4E00-4ED5-A75A-5FCE58ADFF0B} = {9B9E3891-2366-4253-A952-D08BCEB71098}
		{AF915D5C-AB00-4EA0-B5E6-001F4AE84E68} = {C5A00AC3-B34C-4564-9BDD-2DA473EF4D8B}
		{4D36CEC8-53F2-40A5-9A37-79AAE356E2DA} = {86C53C40-57AA-45B8-AD42-FAE0EFDF0F2B}
		{351337F5-D66F-461B-A957-4EF60BDB4BA6} = {C5A00AC3-B34C-4564-9BDD-2DA473EF4D8B}
		{8C89950F-F5D9-47FC-8066-CBC1EC3DF8FC} = {FF237916-7150-496B-89ED-6CA3292896E7}
		{B859AE7C-F34F-4A9E-88AE-E0E7229FDE1E} = {FF237916-7150-496B-89ED-6CA3292896E7}
		{909A8CBD-7D0E-42FD-B841-022AD8925820} = {8B6A8209-894F-4BA1-B880-965FD453982C}
		{11BE52AF-E2DD-4CF0-B19A-05285ACAF571} = {9B9E3891-2366-4253-A952-D08BCEB71098}
		{BC594FD5-4AF2-409E-A1E6-04123F54D7C5} = {9B9E3891-2366-4253-A952-D08BCEB71098}
		{676D6BFD-029D-4E43-BFC7-3892265CE251} = {9B9E3891-2366-4253-A952-D08BCEB71098}
		{F2CE566B-E7F6-447A-AB1A-3F574A6FE43A} = {C5A00AC3-B34C-4564-9BDD-2DA473EF4D8B}
		{26A98DA1-D89D-4A95-8152-349F404DA2E2} = {A0CC0258-D18C-4AB3-854F-7101680FC3F9}
		{A0D0A6A4-5C72-4ADA-9B27-621C7D94F270} = {9B9E3891-2366-4253-A952-D08BCEB71098}
		{70B9F5CC-E2F9-4314-9514-EDE762ACCC4B} = {9B9E3891-2366-4253-A952-D08BCEB71098}
		{2B390431-288C-435C-BB6B-A374033BD8D1} = {4ED8B739-6F4E-4CD4-B993-545E6B5CE637}
		{EABE2161-989B-42BF-BD8D-1E34B20C21F1} = {C5A00AC3-B34C-4564-9BDD-2DA473EF4D8B}
		{1BBFAD42-B99E-47E0-B00A-A4BC6B6BB4BB} = {4ED8B739-6F4E-4CD4-B993-545E6B5CE637}
		{3B8519C1-2F51-4F12-A348-120AB91D4532} = {9B9E3891-2366-4253-A952-D08BCEB71098}
		{C90FE60B-B01E-4F35-91D6-379D6966030F} = {9B9E3891-2366-4253-A952-D08BCEB71098}
		{FED9A71D-00D7-4F40-A9E4-1229EEA28EEB} = {9B9E3891-2366-4253-A952-D08BCEB71098}
		{62D392C9-81CF-487F-92E8-598B2AF3FDCE} = {9B9E3891-2366-4253-A952-D08BCEB71098}
		{4A39637C-9338-4925-A4DB-D072E292EC78} = {86A3F706-DC3C-43C6-BE1B-B98F5BAAA268}
		{47F8530C-F19B-4B1A-B4D6-EB231522AE5D} = {86A3F706-DC3C-43C6-BE1B-B98F5BAAA268}
		{15B93A4C-1B46-43F6-B534-7B25B6E99932} = {9B9E3891-2366-4253-A952-D08BCEB71098}
		{90B08091-9BBD-4362-B712-E9F2CC62B218} = {9B9E3891-2366-4253-A952-D08BCEB71098}
		{75C47156-C5D8-44BC-A5A7-E8657C2248D6} = {9B9E3891-2366-4253-A952-D08BCEB71098}
		{C810060E-3809-4B74-A125-F11533AF9C1B} = {9B9E3891-2366-4253-A952-D08BCEB71098}
		{C692FE73-43DB-49CE-87FC-F03ED61F25C9} = {4ED8B739-6F4E-4CD4-B993-545E6B5CE637}
		{F4E36AA8-814E-4704-BC07-291F70F45193} = {C5A00AC3-B34C-4564-9BDD-2DA473EF4D8B}
		{DDA28789-C21A-4654-86CE-D01E81F095C5} = {4ED8B739-6F4E-4CD4-B993-545E6B5CE637}
		{A82AD1BC-EBE6-4FC3-A13B-D52A50297533} = {9B9E3891-2366-4253-A952-D08BCEB71098}
		{F8928267-688E-4A51-989C-612A72446D33} = {9B9E3891-2366-4253-A952-D08BCEB71098}
		{6B60A970-D5D2-49C2-8BAB-F9C7973B74B6} = {9B9E3891-2366-4253-A952-D08BCEB71098}
		{22E3BC08-EAF7-4889-BDC4-B4D3046C4E2D} = {9B9E3891-2366-4253-A952-D08BCEB71098}
		{4CDAD037-34A2-4CCF-A03A-C6C7B988A572} = {9B9E3891-2366-4253-A952-D08BCEB71098}
		{FC956F9A-4C3A-4A1A-ACDD-BB54DCB661DD} = {9B9E3891-2366-4253-A952-D08BCEB71098}
		{F47F8316-4D4B-4026-8EF3-16B2CFDA8119} = {FF237916-7150-496B-89ED-6CA3292896E7}
		{ED976634-B118-43F8-8B26-0279C7A7044F} = {FF237916-7150-496B-89ED-6CA3292896E7}
		{4B8EBBEB-A1AD-49EC-8B69-B93ED15BFA64} = {C5A00AC3-B34C-4564-9BDD-2DA473EF4D8B}
		{2999D79E-3C20-4A90-B651-CA7E0AC92D35} = {C5A00AC3-B34C-4564-9BDD-2DA473EF4D8B}
		{F83FC908-A4E3-40DE-B4CF-A4BA1E92CDB3} = {C5A00AC3-B34C-4564-9BDD-2DA473EF4D8B}
		{43FCC14E-EEBE-44B3-BCBC-F1C537EECBF8} = {9B9E3891-2366-4253-A952-D08BCEB71098}
		{DFFBDBF5-5DBE-47ED-9EAE-D40B75AC99E8} = {D1300000-7217-4693-8B0F-57CBD5814302}
		{A0B29221-2B6F-4B29-A4D5-2227811B5915} = {9B9E3891-2366-4253-A952-D08BCEB71098}
		{B0FD6A48-FBAB-4676-B36A-DE76B0922B12} = {C5A00AC3-B34C-4564-9BDD-2DA473EF4D8B}
		{9D6AEF22-221F-4F4B-B335-A4BA510F002C} = {C5A00AC3-B34C-4564-9BDD-2DA473EF4D8B}
		{5BF0C3B8-E595-4940-AB30-2DA206C2F085} = {9D6AEF22-221F-4F4B-B335-A4BA510F002C}
		{0A948D71-99C5-43E9-BACB-B0BA59EA25B4} = {5BF0C3B8-E595-4940-AB30-2DA206C2F085}
		{068247A8-21E8-40D2-83CF-8758410FACAD} = {86C53C40-57AA-45B8-AD42-FAE0EFDF0F2B}
	EndGlobalSection
	GlobalSection(ExtensibilityGlobals) = postSolution
		SolutionGuid = {87366D66-1391-4D90-8999-95A620AD786A}
	EndGlobalSection
EndGlobal
