
Microsoft Visual Studio Solution File, Format Version 12.00
# Visual Studio 15
VisualStudioVersion = 15.0.27130.2024
MinimumVisualStudioVersion = 10.0.40219.1
Project("{9A19103F-16F7-4668-BE54-9A1E7A4F7556}") = "Avalonia.DataGrid", "src\Avalonia.DataGrid\Avalonia.DataGrid.csproj", "{D38EB864-DE82-4037-9F60-4562E80D8A9C}"
EndProject
Project("{2150E333-8FDC-42A3-9474-1A3956D46DE8}") = "Samples", "Samples", "{3CCEE0A9-1B8E-4A16-9EFB-72B5CA7CA0D8}"
EndProject
Project("{9A19103F-16F7-4668-BE54-9A1E7A4F7556}") = "DataGridSample", "samples\DataGridSample\DataGridSample.csproj", "{906E00A7-28E7-427F-8EAB-4F86E2BE112D}"
EndProject
Project("{9A19103F-16F7-4668-BE54-9A1E7A4F7556}") = "Avalonia.DataGrid.Themes.Default", "src\Avalonia.DataGrid.Themes.Default\Avalonia.DataGrid.Themes.Default.csproj", "{E5FB0738-B47F-4CBE-995B-B8EB5694E392}"
EndProject
Global
	GlobalSection(SolutionConfigurationPlatforms) = preSolution
		Debug|Any CPU = Debug|Any CPU
		Release|Any CPU = Release|Any CPU
	EndGlobalSection
	GlobalSection(ProjectConfigurationPlatforms) = postSolution
		{D38EB864-DE82-4037-9F60-4562E80D8A9C}.Debug|Any CPU.ActiveCfg = Debug|Any CPU
		{D38EB864-DE82-4037-9F60-4562E80D8A9C}.Debug|Any CPU.Build.0 = Debug|Any CPU
		{D38EB864-DE82-4037-9F60-4562E80D8A9C}.Release|Any CPU.ActiveCfg = Release|Any CPU
		{D38EB864-DE82-4037-9F60-4562E80D8A9C}.Release|Any CPU.Build.0 = Release|Any CPU
		{906E00A7-28E7-427F-8EAB-4F86E2BE112D}.Debug|Any CPU.ActiveCfg = Debug|Any CPU
		{906E00A7-28E7-427F-8EAB-4F86E2BE112D}.Debug|Any CPU.Build.0 = Debug|Any CPU
		{906E00A7-28E7-427F-8EAB-4F86E2BE112D}.Release|Any CPU.ActiveCfg = Release|Any CPU
		{906E00A7-28E7-427F-8EAB-4F86E2BE112D}.Release|Any CPU.Build.0 = Release|Any CPU
		{E5FB0738-B47F-4CBE-995B-B8EB5694E392}.Debug|Any CPU.ActiveCfg = Debug|Any CPU
		{E5FB0738-B47F-4CBE-995B-B8EB5694E392}.Debug|Any CPU.Build.0 = Debug|Any CPU
		{E5FB0738-B47F-4CBE-995B-B8EB5694E392}.Release|Any CPU.ActiveCfg = Release|Any CPU
		{E5FB0738-B47F-4CBE-995B-B8EB5694E392}.Release|Any CPU.Build.0 = Release|Any CPU
	EndGlobalSection
	GlobalSection(SolutionProperties) = preSolution
		HideSolutionNode = FALSE
	EndGlobalSection
	GlobalSection(NestedProjects) = preSolution
		{906E00A7-28E7-427F-8EAB-4F86E2BE112D} = {3CCEE0A9-1B8E-4A16-9EFB-72B5CA7CA0D8}
	EndGlobalSection
	GlobalSection(ExtensibilityGlobals) = postSolution
		SolutionGuid = {6CCBA620-07B7-4E10-B82C-97D4715387BB}
	EndGlobalSection
EndGlobal
