
Microsoft Visual Studio Solution File, Format Version 12.00
# Visual Studio 2012
VisualStudioVersion = 12.0.31101.0
MinimumVisualStudioVersion = 10.0.40219.1
Project("{FAE04EC0-301F-11D3-BF4B-00C04F79EFBC}") = "Perspex.Base", "Perspex.Base\Perspex.Base.csproj", "{B09B78D8-9B26-48B0-9149-D64A2F120F3F}"
EndProject
Project("{FAE04EC0-301F-11D3-BF4B-00C04F79EFBC}") = "Perspex.SceneGraph", "Perspex.SceneGraph\Perspex.SceneGraph.csproj", "{EB582467-6ABB-43A1-B052-E981BA910E3A}"
EndProject
Project("{FAE04EC0-301F-11D3-BF4B-00C04F79EFBC}") = "Perspex.Layout", "Perspex.Layout\Perspex.Layout.csproj", "{42472427-4774-4C81-8AFF-9F27B8E31721}"
EndProject
Project("{FAE04EC0-301F-11D3-BF4B-00C04F79EFBC}") = "Perspex.Input", "Perspex.Input\Perspex.Input.csproj", "{62024B2D-53EB-4638-B26B-85EEAA54866E}"
EndProject
Project("{FAE04EC0-301F-11D3-BF4B-00C04F79EFBC}") = "Perspex.Interactivity", "Perspex.Interactivity\Perspex.Interactivity.csproj", "{6B0ED19D-A08B-461C-A9D9-A9EE40B0C06B}"
EndProject
Project("{FAE04EC0-301F-11D3-BF4B-00C04F79EFBC}") = "Perspex.Controls", "Perspex.Controls\Perspex.Controls.csproj", "{D2221C82-4A25-4583-9B43-D791E3F6820C}"
EndProject
Project("{FAE04EC0-301F-11D3-BF4B-00C04F79EFBC}") = "Perspex.Styling", "Perspex.Styling\Perspex.Styling.csproj", "{F1BAA01A-F176-4C6A-B39D-5B40BB1B148F}"
EndProject
Project("{FAE04EC0-301F-11D3-BF4B-00C04F79EFBC}") = "Perspex.Themes.Default", "Perspex.Themes.Default\Perspex.Themes.Default.csproj", "{3E10A5FA-E8DA-48B1-AD44-6A5B6CB7750F}"
EndProject
Project("{FAE04EC0-301F-11D3-BF4B-00C04F79EFBC}") = "Perspex.Application", "Perspex.Application\Perspex.Application.csproj", "{799A7BB5-3C2C-48B6-85A7-406A12C420DA}"
EndProject
Project("{FAE04EC0-301F-11D3-BF4B-00C04F79EFBC}") = "Perspex.Diagnostics", "Perspex.Diagnostics\Perspex.Diagnostics.csproj", "{7062AE20-5DCC-4442-9645-8195BDECE63E}"
EndProject
Project("{2150E333-8FDC-42A3-9474-1A3956D46DE8}") = "Cairo", "Cairo", "{1D577B69-F23B-4C4F-8605-97704DAC75A9}"
EndProject
Project("{FAE04EC0-301F-11D3-BF4B-00C04F79EFBC}") = "Perspex.Cairo", "Cairo\Perspex.Cairo\Perspex.Cairo.csproj", "{FB05AC90-89BA-4F2F-A924-F37875FB547C}"
EndProject
Project("{2150E333-8FDC-42A3-9474-1A3956D46DE8}") = "Gtk", "Gtk", "{B8DA33FB-7ED2-4F4C-9647-D49492B1D07C}"
EndProject
Project("{FAE04EC0-301F-11D3-BF4B-00C04F79EFBC}") = "Perspex.Gtk", "Gtk\Perspex.Gtk\Perspex.Gtk.csproj", "{54F237D5-A70A-4752-9656-0C70B1A7B047}"
EndProject
Project("{FAE04EC0-301F-11D3-BF4B-00C04F79EFBC}") = "TestApplication-Mono", "TestApplication\TestApplication-Mono.csproj", "{E3A1060B-50D0-44E8-88B6-F44EF2E5BD72}"
EndProject
Global
	GlobalSection(SolutionConfigurationPlatforms) = preSolution
		Debug|Any CPU = Debug|Any CPU
		Release|Any CPU = Release|Any CPU
	EndGlobalSection
	GlobalSection(ProjectConfigurationPlatforms) = postSolution
		{3E10A5FA-E8DA-48B1-AD44-6A5B6CB7750F}.Debug|Any CPU.ActiveCfg = Debug|Any CPU
		{3E10A5FA-E8DA-48B1-AD44-6A5B6CB7750F}.Debug|Any CPU.Build.0 = Debug|Any CPU
		{3E10A5FA-E8DA-48B1-AD44-6A5B6CB7750F}.Release|Any CPU.ActiveCfg = Release|Any CPU
		{3E10A5FA-E8DA-48B1-AD44-6A5B6CB7750F}.Release|Any CPU.Build.0 = Release|Any CPU
		{42472427-4774-4C81-8AFF-9F27B8E31721}.Debug|Any CPU.ActiveCfg = Debug|Any CPU
		{42472427-4774-4C81-8AFF-9F27B8E31721}.Debug|Any CPU.Build.0 = Debug|Any CPU
		{42472427-4774-4C81-8AFF-9F27B8E31721}.Release|Any CPU.ActiveCfg = Release|Any CPU
		{42472427-4774-4C81-8AFF-9F27B8E31721}.Release|Any CPU.Build.0 = Release|Any CPU
		{54F237D5-A70A-4752-9656-0C70B1A7B047}.Debug|Any CPU.ActiveCfg = Debug|Any CPU
		{54F237D5-A70A-4752-9656-0C70B1A7B047}.Debug|Any CPU.Build.0 = Debug|Any CPU
		{54F237D5-A70A-4752-9656-0C70B1A7B047}.Release|Any CPU.ActiveCfg = Release|Any CPU
		{54F237D5-A70A-4752-9656-0C70B1A7B047}.Release|Any CPU.Build.0 = Release|Any CPU
		{62024B2D-53EB-4638-B26B-85EEAA54866E}.Debug|Any CPU.ActiveCfg = Debug|Any CPU
		{62024B2D-53EB-4638-B26B-85EEAA54866E}.Debug|Any CPU.Build.0 = Debug|Any CPU
		{62024B2D-53EB-4638-B26B-85EEAA54866E}.Release|Any CPU.ActiveCfg = Release|Any CPU
		{62024B2D-53EB-4638-B26B-85EEAA54866E}.Release|Any CPU.Build.0 = Release|Any CPU
		{6B0ED19D-A08B-461C-A9D9-A9EE40B0C06B}.Debug|Any CPU.ActiveCfg = Debug|Any CPU
		{6B0ED19D-A08B-461C-A9D9-A9EE40B0C06B}.Debug|Any CPU.Build.0 = Debug|Any CPU
		{6B0ED19D-A08B-461C-A9D9-A9EE40B0C06B}.Release|Any CPU.ActiveCfg = Release|Any CPU
		{6B0ED19D-A08B-461C-A9D9-A9EE40B0C06B}.Release|Any CPU.Build.0 = Release|Any CPU
		{7062AE20-5DCC-4442-9645-8195BDECE63E}.Debug|Any CPU.ActiveCfg = Debug|Any CPU
		{7062AE20-5DCC-4442-9645-8195BDECE63E}.Debug|Any CPU.Build.0 = Debug|Any CPU
		{7062AE20-5DCC-4442-9645-8195BDECE63E}.Release|Any CPU.ActiveCfg = Release|Any CPU
		{7062AE20-5DCC-4442-9645-8195BDECE63E}.Release|Any CPU.Build.0 = Release|Any CPU
		{799A7BB5-3C2C-48B6-85A7-406A12C420DA}.Debug|Any CPU.ActiveCfg = Debug|Any CPU
		{799A7BB5-3C2C-48B6-85A7-406A12C420DA}.Debug|Any CPU.Build.0 = Debug|Any CPU
		{799A7BB5-3C2C-48B6-85A7-406A12C420DA}.Release|Any CPU.ActiveCfg = Release|Any CPU
		{799A7BB5-3C2C-48B6-85A7-406A12C420DA}.Release|Any CPU.Build.0 = Release|Any CPU
		{B09B78D8-9B26-48B0-9149-D64A2F120F3F}.Debug|Any CPU.ActiveCfg = Debug|Any CPU
		{B09B78D8-9B26-48B0-9149-D64A2F120F3F}.Debug|Any CPU.Build.0 = Debug|Any CPU
		{B09B78D8-9B26-48B0-9149-D64A2F120F3F}.Release|Any CPU.ActiveCfg = Release|Any CPU
		{B09B78D8-9B26-48B0-9149-D64A2F120F3F}.Release|Any CPU.Build.0 = Release|Any CPU
		{D2221C82-4A25-4583-9B43-D791E3F6820C}.Debug|Any CPU.ActiveCfg = Debug|Any CPU
		{D2221C82-4A25-4583-9B43-D791E3F6820C}.Debug|Any CPU.Build.0 = Debug|Any CPU
		{D2221C82-4A25-4583-9B43-D791E3F6820C}.Release|Any CPU.ActiveCfg = Release|Any CPU
		{D2221C82-4A25-4583-9B43-D791E3F6820C}.Release|Any CPU.Build.0 = Release|Any CPU
		{E3A1060B-50D0-44E8-88B6-F44EF2E5BD72}.Debug|Any CPU.ActiveCfg = Debug|Any CPU
		{E3A1060B-50D0-44E8-88B6-F44EF2E5BD72}.Debug|Any CPU.Build.0 = Debug|Any CPU
		{E3A1060B-50D0-44E8-88B6-F44EF2E5BD72}.Release|Any CPU.ActiveCfg = Release|Any CPU
		{E3A1060B-50D0-44E8-88B6-F44EF2E5BD72}.Release|Any CPU.Build.0 = Release|Any CPU
		{EB582467-6ABB-43A1-B052-E981BA910E3A}.Debug|Any CPU.ActiveCfg = Debug|Any CPU
		{EB582467-6ABB-43A1-B052-E981BA910E3A}.Debug|Any CPU.Build.0 = Debug|Any CPU
		{EB582467-6ABB-43A1-B052-E981BA910E3A}.Release|Any CPU.ActiveCfg = Release|Any CPU
		{EB582467-6ABB-43A1-B052-E981BA910E3A}.Release|Any CPU.Build.0 = Release|Any CPU
		{F1BAA01A-F176-4C6A-B39D-5B40BB1B148F}.Debug|Any CPU.ActiveCfg = Debug|Any CPU
		{F1BAA01A-F176-4C6A-B39D-5B40BB1B148F}.Debug|Any CPU.Build.0 = Debug|Any CPU
		{F1BAA01A-F176-4C6A-B39D-5B40BB1B148F}.Release|Any CPU.ActiveCfg = Release|Any CPU
		{F1BAA01A-F176-4C6A-B39D-5B40BB1B148F}.Release|Any CPU.Build.0 = Release|Any CPU
		{FB05AC90-89BA-4F2F-A924-F37875FB547C}.Debug|Any CPU.ActiveCfg = Debug|Any CPU
		{FB05AC90-89BA-4F2F-A924-F37875FB547C}.Debug|Any CPU.Build.0 = Debug|Any CPU
		{FB05AC90-89BA-4F2F-A924-F37875FB547C}.Release|Any CPU.ActiveCfg = Release|Any CPU
		{FB05AC90-89BA-4F2F-A924-F37875FB547C}.Release|Any CPU.Build.0 = Release|Any CPU
	EndGlobalSection
	GlobalSection(NestedProjects) = preSolution
		{FB05AC90-89BA-4F2F-A924-F37875FB547C} = {1D577B69-F23B-4C4F-8605-97704DAC75A9}
		{54F237D5-A70A-4752-9656-0C70B1A7B047} = {B8DA33FB-7ED2-4F4C-9647-D49492B1D07C}
	EndGlobalSection
	GlobalSection(MonoDevelopProperties) = preSolution
		StartupItem = TestApplication\TestApplication-Mono.csproj
	EndGlobalSection
	GlobalSection(SolutionProperties) = preSolution
		HideSolutionNode = FALSE
	EndGlobalSection
EndGlobal
