
Microsoft Visual Studio Solution File, Format Version 12.00
# Visual Studio Version 17
VisualStudioVersion = 17.11.35327.3
MinimumVisualStudioVersion = 10.0.40219.1
Project("{7CF6DF6D-3B04-46F8-A40B-537D21BCA0B4}") = "ApiDocumentation", "ApiDocumentation.shfbproj", "{CCD3AEB2-9719-47AA-81F6-D8CFE98DF7A1}"
EndProject
Global
	GlobalSection(SolutionConfigurationPlatforms) = preSolution
		Debug|Any CPU = Debug|Any CPU
		Release|Any CPU = Release|Any CPU
	EndGlobalSection
	GlobalSection(ProjectConfigurationPlatforms) = postSolution
		{CCD3AEB2-9719-47AA-81F6-D8CFE98DF7A1}.Debug|Any CPU.ActiveCfg = Debug|Any CPU
		{CCD3AEB2-9719-47AA-81F6-D8CFE98DF7A1}.Debug|Any CPU.Build.0 = Debug|Any CPU
		{CCD3AEB2-9719-47AA-81F6-D8CFE98DF7A1}.Release|Any CPU.ActiveCfg = Release|Any CPU
		{CCD3AEB2-9719-47AA-81F6-D8CFE98DF7A1}.Release|Any CPU.Build.0 = Release|Any CPU
	EndGlobalSection
	GlobalSection(SolutionProperties) = preSolution
		HideSolutionNode = FALSE
	EndGlobalSection
	GlobalSection(ExtensibilityGlobals) = postSolution
		SolutionGuid = {3BA649B4-F5A7-49F6-9814-949F429773E1}
	EndGlobalSection
EndGlobal
