
Microsoft Visual Studio Solution File, Format Version 12.00
Project("{FAE04EC0-301F-11D3-BF4B-00C04F79EFBC}") = "Avalonia.Generators", "Avalonia.Generators\Avalonia.Generators.csproj", "{684ADF3B-8DFC-4F4A-93AD-F856561FCC39}"
EndProject
Project("{FAE04EC0-301F-11D3-BF4B-00C04F79EFBC}") = "Avalonia.Generators.Tests", "Avalonia.Generators.Tests\Avalonia.Generators.Tests.csproj", "{B13A0A44-85BC-49A7-970F-6C9BF8BDFD54}"
EndProject
Project("{2150E333-8FDC-42A3-9474-1A3956D46DE8}") = "Solution Items", "Solution Items", "{56EF74A3-1D59-42BC-B7EC-2E07C08B9F95}"
ProjectSection(SolutionItems) = preProject
	..\version.json = ..\version.json
	..\.gitignore = ..\.gitignore
	..\.gitmodules = ..\.gitmodules
	Directory.Build.props = Directory.Build.props
EndProjectSection
EndProject
Global
	GlobalSection(SolutionConfigurationPlatforms) = preSolution
		Debug|Any CPU = Debug|Any CPU
		Release|Any CPU = Release|Any CPU
	EndGlobalSection
	GlobalSection(ProjectConfigurationPlatforms) = postSolution
		{684ADF3B-8DFC-4F4A-93AD-F856561FCC39}.Debug|Any CPU.ActiveCfg = Debug|Any CPU
		{684ADF3B-8DFC-4F4A-93AD-F856561FCC39}.Debug|Any CPU.Build.0 = Debug|Any CPU
		{684ADF3B-8DFC-4F4A-93AD-F856561FCC39}.Release|Any CPU.ActiveCfg = Release|Any CPU
		{684ADF3B-8DFC-4F4A-93AD-F856561FCC39}.Release|Any CPU.Build.0 = Release|Any CPU
		{B13A0A44-85BC-49A7-970F-6C9BF8BDFD54}.Debug|Any CPU.ActiveCfg = Debug|Any CPU
		{B13A0A44-85BC-49A7-970F-6C9BF8BDFD54}.Debug|Any CPU.Build.0 = Debug|Any CPU
		{B13A0A44-85BC-49A7-970F-6C9BF8BDFD54}.Release|Any CPU.ActiveCfg = Release|Any CPU
		{B13A0A44-85BC-49A7-970F-6C9BF8BDFD54}.Release|Any CPU.Build.0 = Release|Any CPU
	EndGlobalSection
EndGlobal
